// !$*UTF8*$!
{
	archiveVersion = 1;
	classes = {
	};
	objectVersion = 46;
	objects = {

/* Begin PBXBuildFile section */
		0F9EE1501956852A00428AE7 /* WLUtils.m in Sources */ = {isa = PBXBuildFile; fileRef = 0F9EE14F1956852A00428AE7 /* WLUtils.m */; };
		0FAB5AA119585E0B00CE7DCC /* WLVIewCreater.m in Sources */ = {isa = PBXBuildFile; fileRef = 0FAB5AA019585E0B00CE7DCC /* WLVIewCreater.m */; };
		0FDEC96A19598D0000B462FE /* icon_tabbar_merchant_normal.png in Resources */ = {isa = PBXBuildFile; fileRef = 0FDEC96819598CFF00B462FE /* icon_tabbar_merchant_normal.png */; };
		0FDEC96B19598D0000B462FE /* icon_tabbar_merchant_selected.png in Resources */ = {isa = PBXBuildFile; fileRef = 0FDEC96919598CFF00B462FE /* icon_tabbar_merchant_selected.png */; };
		0FDEC9751959941200B462FE /* icon_homepage_dailyNewDealCategory.png in Resources */ = {isa = PBXBuildFile; fileRef = 0FDEC96D1959941200B462FE /* icon_homepage_dailyNewDealCategory.png */; };
		0FDEC9761959941200B462FE /* icon_homepage_entertainmentCategory.png in Resources */ = {isa = PBXBuildFile; fileRef = 0FDEC96E1959941200B462FE /* icon_homepage_entertainmentCategory.png */; };
		0FDEC9771959941200B462FE /* icon_homepage_foodCategory.png in Resources */ = {isa = PBXBuildFile; fileRef = 0FDEC96F1959941200B462FE /* icon_homepage_foodCategory.png */; };
		0FDEC9781959941200B462FE /* icon_homepage_hotelCategory.png in Resources */ = {isa = PBXBuildFile; fileRef = 0FDEC9701959941200B462FE /* icon_homepage_hotelCategory.png */; };
		0FDEC9791959941200B462FE /* icon_homepage_KTVCategory.png in Resources */ = {isa = PBXBuildFile; fileRef = 0FDEC9711959941200B462FE /* icon_homepage_KTVCategory.png */; };
		0FDEC97A1959941200B462FE /* icon_homepage_masageCategory.png in Resources */ = {isa = PBXBuildFile; fileRef = 0FDEC9721959941200B462FE /* icon_homepage_masageCategory.png */; };
		0FDEC97B1959941200B462FE /* icon_homepage_moreCategory.png in Resources */ = {isa = PBXBuildFile; fileRef = 0FDEC9731959941200B462FE /* icon_homepage_moreCategory.png */; };
		0FDEC97C1959941200B462FE /* icon_homepage_movieCategory.png in Resources */ = {isa = PBXBuildFile; fileRef = 0FDEC9741959941200B462FE /* icon_homepage_movieCategory.png */; };
		0FDEC97F1959951B00B462FE /* WLCollectionCellModel.m in Sources */ = {isa = PBXBuildFile; fileRef = 0FDEC97E1959951B00B462FE /* WLCollectionCellModel.m */; };
		0FDEC9851959A8C500B462FE /* ump_icon_back.png in Resources */ = {isa = PBXBuildFile; fileRef = 0FDEC9831959A8C500B462FE /* ump_icon_back.png */; };
		0FDEC9861959A8C500B462FE /* ump_icon_back_foucs.png in Resources */ = {isa = PBXBuildFile; fileRef = 0FDEC9841959A8C500B462FE /* ump_icon_back_foucs.png */; };
		0FDEC98A195AE88C00B462FE /* WLAdvertismentView.m in Sources */ = {isa = PBXBuildFile; fileRef = 0FDEC989195AE88C00B462FE /* WLAdvertismentView.m */; };
		0FDEC995195AE8B900B462FE /* WLCollectionCell.m in Sources */ = {isa = PBXBuildFile; fileRef = 0FDEC98C195AE8B900B462FE /* WLCollectionCell.m */; };
		0FDEC996195AE8B900B462FE /* WLCollectionView.m in Sources */ = {isa = PBXBuildFile; fileRef = 0FDEC98E195AE8B900B462FE /* WLCollectionView.m */; };
		0FDEC997195AE8B900B462FE /* WLTabBar.m in Sources */ = {isa = PBXBuildFile; fileRef = 0FDEC990195AE8B900B462FE /* WLTabBar.m */; };
		0FDEC998195AE8B900B462FE /* WLTabBarItem.m in Sources */ = {isa = PBXBuildFile; fileRef = 0FDEC993195AE8B900B462FE /* WLTabBarItem.m */; };
		0FDEC99B195AFF9800B462FE /* WLNavigationBar.m in Sources */ = {isa = PBXBuildFile; fileRef = 0FDEC99A195AFF9800B462FE /* WLNavigationBar.m */; };
		4027E31A193F542B00FDF898 /* DFComment.m in Sources */ = {isa = PBXBuildFile; fileRef = 4027E317193F542B00FDF898 /* DFComment.m */; };
		4027E31B193F542B00FDF898 /* DFMessage.m in Sources */ = {isa = PBXBuildFile; fileRef = 4027E319193F542B00FDF898 /* DFMessage.m */; };
		4030EA9418EDA48700EDE552 /* DFGlobalVar.m in Sources */ = {isa = PBXBuildFile; fileRef = 4030EA9318EDA48700EDE552 /* DFGlobalVar.m */; };
		403433CB18E91BF700459FF5 /* bar.png in Resources */ = {isa = PBXBuildFile; fileRef = 403433CA18E91BF700459FF5 /* bar.png */; };
		403433CE18E9309100459FF5 /* chamber.png in Resources */ = {isa = PBXBuildFile; fileRef = 403433CC18E9309100459FF5 /* chamber.png */; };
		403433CF18E9309100459FF5 /* person.png in Resources */ = {isa = PBXBuildFile; fileRef = 403433CD18E9309100459FF5 /* person.png */; };
		403433D118E9318B00459FF5 /* ktv.png in Resources */ = {isa = PBXBuildFile; fileRef = 403433D018E9318B00459FF5 /* ktv.png */; };
		403433E118E93FB600459FF5 /* star_empty.png in Resources */ = {isa = PBXBuildFile; fileRef = 403433DE18E93FB500459FF5 /* star_empty.png */; };
		403433E218E93FB600459FF5 /* star_full.png in Resources */ = {isa = PBXBuildFile; fileRef = 403433DF18E93FB500459FF5 /* star_full.png */; };
		403433E318E93FB600459FF5 /* star_half.png in Resources */ = {isa = PBXBuildFile; fileRef = 403433E018E93FB500459FF5 /* star_half.png */; };
		4040C68318E3050300163066 /* Foundation.framework in Frameworks */ = {isa = PBXBuildFile; fileRef = 4040C68218E3050300163066 /* Foundation.framework */; };
		4040C68518E3050300163066 /* CoreGraphics.framework in Frameworks */ = {isa = PBXBuildFile; fileRef = 4040C68418E3050300163066 /* CoreGraphics.framework */; };
		4040C68718E3050300163066 /* UIKit.framework in Frameworks */ = {isa = PBXBuildFile; fileRef = 4040C68618E3050300163066 /* UIKit.framework */; };
		4040C68D18E3050300163066 /* InfoPlist.strings in Resources */ = {isa = PBXBuildFile; fileRef = 4040C68B18E3050300163066 /* InfoPlist.strings */; };
		4040C68F18E3050300163066 /* main.m in Sources */ = {isa = PBXBuildFile; fileRef = 4040C68E18E3050300163066 /* main.m */; };
		4040C69318E3050300163066 /* DFAppDelegate.m in Sources */ = {isa = PBXBuildFile; fileRef = 4040C69218E3050300163066 /* DFAppDelegate.m */; };
		4040C69918E3050300163066 /* DFViewController.m in Sources */ = {isa = PBXBuildFile; fileRef = 4040C69818E3050300163066 /* DFViewController.m */; };
		4040C69B18E3050300163066 /* Images.xcassets in Resources */ = {isa = PBXBuildFile; fileRef = 4040C69A18E3050300163066 /* Images.xcassets */; };
		4040C6A218E3050300163066 /* XCTest.framework in Frameworks */ = {isa = PBXBuildFile; fileRef = 4040C6A118E3050300163066 /* XCTest.framework */; };
		4040C6A318E3050300163066 /* Foundation.framework in Frameworks */ = {isa = PBXBuildFile; fileRef = 4040C68218E3050300163066 /* Foundation.framework */; };
		4040C6A418E3050300163066 /* UIKit.framework in Frameworks */ = {isa = PBXBuildFile; fileRef = 4040C68618E3050300163066 /* UIKit.framework */; };
		4040C6AC18E3050300163066 /* InfoPlist.strings in Resources */ = {isa = PBXBuildFile; fileRef = 4040C6AA18E3050300163066 /* InfoPlist.strings */; };
		4040C6AE18E3050300163066 /* AuroraTests.m in Sources */ = {isa = PBXBuildFile; fileRef = 4040C6AD18E3050300163066 /* AuroraTests.m */; };
		4040C6E018E3078C00163066 /* MyPageControl.m in Sources */ = {isa = PBXBuildFile; fileRef = 4040C6C418E3078C00163066 /* MyPageControl.m */; };
		4040C6E218E3078C00163066 /* ViewPager.m in Sources */ = {isa = PBXBuildFile; fileRef = 4040C6C818E3078C00163066 /* ViewPager.m */; };
		4040C6E318E3078C00163066 /* EGOCache.m in Sources */ = {isa = PBXBuildFile; fileRef = 4040C6CC18E3078C00163066 /* EGOCache.m */; settings = {COMPILER_FLAGS = "-fno-objc-arc"; }; };
		4040C6E418E3078C00163066 /* EGOImageButton.m in Sources */ = {isa = PBXBuildFile; fileRef = 4040C6CF18E3078C00163066 /* EGOImageButton.m */; settings = {COMPILER_FLAGS = "-fno-objc-arc"; }; };
		4040C6E518E3078C00163066 /* EGOImageLoadConnection.m in Sources */ = {isa = PBXBuildFile; fileRef = 4040C6D218E3078C00163066 /* EGOImageLoadConnection.m */; settings = {COMPILER_FLAGS = "-fno-objc-arc"; }; };
		4040C6E618E3078C00163066 /* EGOImageLoader.m in Sources */ = {isa = PBXBuildFile; fileRef = 4040C6D418E3078C00163066 /* EGOImageLoader.m */; settings = {COMPILER_FLAGS = "-fno-objc-arc"; }; };
		4040C6E718E3078C00163066 /* EGOImageView.m in Sources */ = {isa = PBXBuildFile; fileRef = 4040C6D718E3078C00163066 /* EGOImageView.m */; settings = {COMPILER_FLAGS = "-fno-objc-arc"; }; };
		4040C6FC18E3079800163066 /* blackArrow.png in Resources */ = {isa = PBXBuildFile; fileRef = 4040C6EA18E3079700163066 /* blackArrow.png */; };
		4040C6FD18E3079800163066 /* blackArrow@2x.png in Resources */ = {isa = PBXBuildFile; fileRef = 4040C6EB18E3079700163066 /* blackArrow@2x.png */; };
		4040C6FE18E3079800163066 /* blueArrow.png in Resources */ = {isa = PBXBuildFile; fileRef = 4040C6EC18E3079700163066 /* blueArrow.png */; };
		4040C6FF18E3079800163066 /* blueArrow@2x.png in Resources */ = {isa = PBXBuildFile; fileRef = 4040C6ED18E3079700163066 /* blueArrow@2x.png */; };
		4040C70018E3079800163066 /* grayArrow.png in Resources */ = {isa = PBXBuildFile; fileRef = 4040C6EE18E3079700163066 /* grayArrow.png */; };
		4040C70118E3079800163066 /* grayArrow@2x.png in Resources */ = {isa = PBXBuildFile; fileRef = 4040C6EF18E3079700163066 /* grayArrow@2x.png */; };
		4040C70218E3079800163066 /* image1.jpg in Resources */ = {isa = PBXBuildFile; fileRef = 4040C6F018E3079700163066 /* image1.jpg */; };
		4040C70318E3079800163066 /* image2.jpg in Resources */ = {isa = PBXBuildFile; fileRef = 4040C6F118E3079700163066 /* image2.jpg */; };
		4040C70418E3079800163066 /* image3.jpg in Resources */ = {isa = PBXBuildFile; fileRef = 4040C6F218E3079700163066 /* image3.jpg */; };
		4040C70518E3079800163066 /* image4.jpg in Resources */ = {isa = PBXBuildFile; fileRef = 4040C6F318E3079800163066 /* image4.jpg */; };
		4040C70A18E3079800163066 /* nav_trans_bg.png in Resources */ = {isa = PBXBuildFile; fileRef = 4040C6F818E3079800163066 /* nav_trans_bg.png */; };
		4040C70B18E3079800163066 /* shopIcon.png in Resources */ = {isa = PBXBuildFile; fileRef = 4040C6F918E3079800163066 /* shopIcon.png */; };
		4040C70C18E3079800163066 /* whiteArrow.png in Resources */ = {isa = PBXBuildFile; fileRef = 4040C6FA18E3079800163066 /* whiteArrow.png */; };
		4040C70D18E3079800163066 /* whiteArrow@2x.png in Resources */ = {isa = PBXBuildFile; fileRef = 4040C6FB18E3079800163066 /* whiteArrow@2x.png */; };
		4040C71018E307D500163066 /* MainStoryboard_iPhone.storyboard in Resources */ = {isa = PBXBuildFile; fileRef = 4040C70E18E307D500163066 /* MainStoryboard_iPhone.storyboard */; };
		4043548A18F82F7B003F6542 /* DFShop.m in Sources */ = {isa = PBXBuildFile; fileRef = 4043548918F82F7B003F6542 /* DFShop.m */; };
		409F6C711956BE610030E746 /* WLBasePage.m in Sources */ = {isa = PBXBuildFile; fileRef = 409F6C4F1956BE610030E746 /* WLBasePage.m */; };
		409F6C721956BE610030E746 /* WLFirstPage.m in Sources */ = {isa = PBXBuildFile; fileRef = 409F6C511956BE610030E746 /* WLFirstPage.m */; };
		409F6C731956BE610030E746 /* WLFourthPage.m in Sources */ = {isa = PBXBuildFile; fileRef = 409F6C531956BE610030E746 /* WLFourthPage.m */; };
		409F6C741956BE610030E746 /* WLNavigationControlller.m in Sources */ = {isa = PBXBuildFile; fileRef = 409F6C551956BE610030E746 /* WLNavigationControlller.m */; };
		409F6C751956BE610030E746 /* WLSecondPage.m in Sources */ = {isa = PBXBuildFile; fileRef = 409F6C571956BE610030E746 /* WLSecondPage.m */; };
		409F6C761956BE610030E746 /* WLThirdPage.m in Sources */ = {isa = PBXBuildFile; fileRef = 409F6C591956BE610030E746 /* WLThirdPage.m */; };
		409F6C791956BE610030E746 /* WLRootViewController.m in Sources */ = {isa = PBXBuildFile; fileRef = 409F6C5F1956BE610030E746 /* WLRootViewController.m */; };
		409F6C9D1956C4600030E746 /* DFBarListController.m in Sources */ = {isa = PBXBuildFile; fileRef = 409F6C7C1956C45F0030E746 /* DFBarListController.m */; };
		409F6C9E1956C4600030E746 /* DFChamberListController.m in Sources */ = {isa = PBXBuildFile; fileRef = 409F6C7E1956C45F0030E746 /* DFChamberListController.m */; };
		409F6C9F1956C4600030E746 /* DFCommentListController.m in Sources */ = {isa = PBXBuildFile; fileRef = 409F6C801956C45F0030E746 /* DFCommentListController.m */; };
		409F6CA01956C4600030E746 /* DFKTVListController.m in Sources */ = {isa = PBXBuildFile; fileRef = 409F6C821956C45F0030E746 /* DFKTVListController.m */; };
		409F6CA11956C4600030E746 /* DFLoginController.m in Sources */ = {isa = PBXBuildFile; fileRef = 409F6C841956C45F0030E746 /* DFLoginController.m */; };
		409F6CA21956C4600030E746 /* DFMGOrderDealListController.m in Sources */ = {isa = PBXBuildFile; fileRef = 409F6C861956C4600030E746 /* DFMGOrderDealListController.m */; };
		409F6CA31956C4600030E746 /* DFOderDealController.m in Sources */ = {isa = PBXBuildFile; fileRef = 409F6C881956C4600030E746 /* DFOderDealController.m */; };
		409F6CA41956C4600030E746 /* DFOrderDetailController.m in Sources */ = {isa = PBXBuildFile; fileRef = 409F6C8A1956C4600030E746 /* DFOrderDetailController.m */; };
		409F6CA51956C4600030E746 /* DFPersonalCenterController.m in Sources */ = {isa = PBXBuildFile; fileRef = 409F6C8C1956C4600030E746 /* DFPersonalCenterController.m */; };
		409F6CA61956C4600030E746 /* DFPSOrderListController.m in Sources */ = {isa = PBXBuildFile; fileRef = 409F6C8E1956C4600030E746 /* DFPSOrderListController.m */; };
		409F6CA71956C4600030E746 /* DFQualificationController.m in Sources */ = {isa = PBXBuildFile; fileRef = 409F6C901956C4600030E746 /* DFQualificationController.m */; };
		409F6CA81956C4600030E746 /* DFRegisterController.m in Sources */ = {isa = PBXBuildFile; fileRef = 409F6C921956C4600030E746 /* DFRegisterController.m */; };
		409F6CA91956C4600030E746 /* DFReserveController.m in Sources */ = {isa = PBXBuildFile; fileRef = 409F6C941956C4600030E746 /* DFReserveController.m */; };
		409F6CAA1956C4600030E746 /* DFRootTabBarController.m in Sources */ = {isa = PBXBuildFile; fileRef = 409F6C961956C4600030E746 /* DFRootTabBarController.m */; };
		409F6CAB1956C4600030E746 /* DFShopDetailController.m in Sources */ = {isa = PBXBuildFile; fileRef = 409F6C981956C4600030E746 /* DFShopDetailController.m */; };
		409F6CAC1956C4600030E746 /* DFUserCenterController.m in Sources */ = {isa = PBXBuildFile; fileRef = 409F6C9A1956C4600030E746 /* DFUserCenterController.m */; };
		409F6CAD1956C4600030E746 /* ViewController.m in Sources */ = {isa = PBXBuildFile; fileRef = 409F6C9C1956C4600030E746 /* ViewController.m */; };
		40B0A09318FCFC1F009D5A0D /* NSString+SQ.m in Sources */ = {isa = PBXBuildFile; fileRef = 40B0A09018FCFC1F009D5A0D /* NSString+SQ.m */; };
		40B0A09418FCFC1F009D5A0D /* UIColor+SQ.m in Sources */ = {isa = PBXBuildFile; fileRef = 40B0A09218FCFC1F009D5A0D /* UIColor+SQ.m */; };
		40B0A09818FCFC32009D5A0D /* SQRiskCursor.m in Sources */ = {isa = PBXBuildFile; fileRef = 40B0A09718FCFC32009D5A0D /* SQRiskCursor.m */; };
		40B3E27718F43CB300472C1F /* DFUser.m in Sources */ = {isa = PBXBuildFile; fileRef = 40B3E27618F43CB300472C1F /* DFUser.m */; };
		40B44EAC19339B7C00F04533 /* JSONKit.m in Sources */ = {isa = PBXBuildFile; fileRef = 40B44EAB19339B7C00F04533 /* JSONKit.m */; settings = {COMPILER_FLAGS = "-fno-objc-arc"; }; };
		40B44EAE19339C7A00F04533 /* CFNetwork.framework in Frameworks */ = {isa = PBXBuildFile; fileRef = 40B44EAD19339C7A00F04533 /* CFNetwork.framework */; };
		40B44EB019339C8700F04533 /* libz.dylib in Frameworks */ = {isa = PBXBuildFile; fileRef = 40B44EAF19339C8700F04533 /* libz.dylib */; };
		40B44EB219339C9400F04533 /* libxml2.2.dylib in Frameworks */ = {isa = PBXBuildFile; fileRef = 40B44EB119339C9400F04533 /* libxml2.2.dylib */; };
		40BFAE9418EF0062001C6767 /* DFUserOrder.m in Sources */ = {isa = PBXBuildFile; fileRef = 40BFAE9318EF0062001C6767 /* DFUserOrder.m */; };
		40F8DC881956C64300C93961 /* DFMGShopListController.m in Sources */ = {isa = PBXBuildFile; fileRef = 40F8DC871956C64300C93961 /* DFMGShopListController.m */; };
		40F8DC891956D9E400C93961 /* WLDataManager.m in Sources */ = {isa = PBXBuildFile; fileRef = 0F9EE1701956AE0100428AE7 /* WLDataManager.m */; };
		40F8DC8C19583CA900C93961 /* YBAddCommentController.m in Sources */ = {isa = PBXBuildFile; fileRef = 40F8DC8B19583CA900C93961 /* YBAddCommentController.m */; };
		40F8DC8F19584A5C00C93961 /* DFManagerController.m in Sources */ = {isa = PBXBuildFile; fileRef = 40F8DC8E19584A5C00C93961 /* DFManagerController.m */; };
/* End PBXBuildFile section */

/* Begin PBXContainerItemProxy section */
		4040C6A518E3050300163066 /* PBXContainerItemProxy */ = {
			isa = PBXContainerItemProxy;
			containerPortal = 4040C67718E3050300163066 /* Project object */;
			proxyType = 1;
			remoteGlobalIDString = 4040C67E18E3050300163066;
			remoteInfo = Aurora;
		};
/* End PBXContainerItemProxy section */

/* Begin PBXFileReference section */
		0F9EE14E1956852A00428AE7 /* WLUtils.h */ = {isa = PBXFileReference; fileEncoding = 4; lastKnownFileType = sourcecode.c.h; name = WLUtils.h; path = Utils/WLUtils.h; sourceTree = "<group>"; };
		0F9EE14F1956852A00428AE7 /* WLUtils.m */ = {isa = PBXFileReference; fileEncoding = 4; lastKnownFileType = sourcecode.c.objc; name = WLUtils.m; path = Utils/WLUtils.m; sourceTree = "<group>"; };
		0F9EE16F1956AE0100428AE7 /* WLDataManager.h */ = {isa = PBXFileReference; fileEncoding = 4; lastKnownFileType = sourcecode.c.h; name = WLDataManager.h; path = Datas/WLDataManager.h; sourceTree = "<group>"; };
		0F9EE1701956AE0100428AE7 /* WLDataManager.m */ = {isa = PBXFileReference; fileEncoding = 4; lastKnownFileType = sourcecode.c.objc; name = WLDataManager.m; path = Datas/WLDataManager.m; sourceTree = "<group>"; };
		0FAB5A9F19585E0B00CE7DCC /* WLVIewCreater.h */ = {isa = PBXFileReference; fileEncoding = 4; lastKnownFileType = sourcecode.c.h; name = WLVIewCreater.h; path = Utils/WLVIewCreater.h; sourceTree = "<group>"; };
		0FAB5AA019585E0B00CE7DCC /* WLVIewCreater.m */ = {isa = PBXFileReference; fileEncoding = 4; lastKnownFileType = sourcecode.c.objc; name = WLVIewCreater.m; path = Utils/WLVIewCreater.m; sourceTree = "<group>"; };
		0FDEC96819598CFF00B462FE /* icon_tabbar_merchant_normal.png */ = {isa = PBXFileReference; lastKnownFileType = image.png; path = icon_tabbar_merchant_normal.png; sourceTree = "<group>"; };
		0FDEC96919598CFF00B462FE /* icon_tabbar_merchant_selected.png */ = {isa = PBXFileReference; lastKnownFileType = image.png; path = icon_tabbar_merchant_selected.png; sourceTree = "<group>"; };
		0FDEC96D1959941200B462FE /* icon_homepage_dailyNewDealCategory.png */ = {isa = PBXFileReference; lastKnownFileType = image.png; path = icon_homepage_dailyNewDealCategory.png; sourceTree = "<group>"; };
		0FDEC96E1959941200B462FE /* icon_homepage_entertainmentCategory.png */ = {isa = PBXFileReference; lastKnownFileType = image.png; path = icon_homepage_entertainmentCategory.png; sourceTree = "<group>"; };
		0FDEC96F1959941200B462FE /* icon_homepage_foodCategory.png */ = {isa = PBXFileReference; lastKnownFileType = image.png; path = icon_homepage_foodCategory.png; sourceTree = "<group>"; };
		0FDEC9701959941200B462FE /* icon_homepage_hotelCategory.png */ = {isa = PBXFileReference; lastKnownFileType = image.png; path = icon_homepage_hotelCategory.png; sourceTree = "<group>"; };
		0FDEC9711959941200B462FE /* icon_homepage_KTVCategory.png */ = {isa = PBXFileReference; lastKnownFileType = image.png; path = icon_homepage_KTVCategory.png; sourceTree = "<group>"; };
		0FDEC9721959941200B462FE /* icon_homepage_masageCategory.png */ = {isa = PBXFileReference; lastKnownFileType = image.png; path = icon_homepage_masageCategory.png; sourceTree = "<group>"; };
		0FDEC9731959941200B462FE /* icon_homepage_moreCategory.png */ = {isa = PBXFileReference; lastKnownFileType = image.png; path = icon_homepage_moreCategory.png; sourceTree = "<group>"; };
		0FDEC9741959941200B462FE /* icon_homepage_movieCategory.png */ = {isa = PBXFileReference; lastKnownFileType = image.png; path = icon_homepage_movieCategory.png; sourceTree = "<group>"; };
		0FDEC97D1959951B00B462FE /* WLCollectionCellModel.h */ = {isa = PBXFileReference; fileEncoding = 4; lastKnownFileType = sourcecode.c.h; path = WLCollectionCellModel.h; sourceTree = "<group>"; };
		0FDEC97E1959951B00B462FE /* WLCollectionCellModel.m */ = {isa = PBXFileReference; fileEncoding = 4; lastKnownFileType = sourcecode.c.objc; path = WLCollectionCellModel.m; sourceTree = "<group>"; };
		0FDEC9831959A8C500B462FE /* ump_icon_back.png */ = {isa = PBXFileReference; lastKnownFileType = image.png; path = ump_icon_back.png; sourceTree = "<group>"; };
		0FDEC9841959A8C500B462FE /* ump_icon_back_foucs.png */ = {isa = PBXFileReference; lastKnownFileType = image.png; path = ump_icon_back_foucs.png; sourceTree = "<group>"; };
		0FDEC988195AE88C00B462FE /* WLAdvertismentView.h */ = {isa = PBXFileReference; fileEncoding = 4; lastKnownFileType = sourcecode.c.h; name = WLAdvertismentView.h; path = Views/FrontPage/WLAdvertismentView.h; sourceTree = "<group>"; };
		0FDEC989195AE88C00B462FE /* WLAdvertismentView.m */ = {isa = PBXFileReference; fileEncoding = 4; lastKnownFileType = sourcecode.c.objc; name = WLAdvertismentView.m; path = Views/FrontPage/WLAdvertismentView.m; sourceTree = "<group>"; };
		0FDEC98B195AE8B900B462FE /* WLCollectionCell.h */ = {isa = PBXFileReference; fileEncoding = 4; lastKnownFileType = sourcecode.c.h; name = WLCollectionCell.h; path = Views/FrontPage/WLCollectionCell.h; sourceTree = "<group>"; };
		0FDEC98C195AE8B900B462FE /* WLCollectionCell.m */ = {isa = PBXFileReference; fileEncoding = 4; lastKnownFileType = sourcecode.c.objc; name = WLCollectionCell.m; path = Views/FrontPage/WLCollectionCell.m; sourceTree = "<group>"; };
		0FDEC98D195AE8B900B462FE /* WLCollectionView.h */ = {isa = PBXFileReference; fileEncoding = 4; lastKnownFileType = sourcecode.c.h; name = WLCollectionView.h; path = Views/FrontPage/WLCollectionView.h; sourceTree = "<group>"; };
		0FDEC98E195AE8B900B462FE /* WLCollectionView.m */ = {isa = PBXFileReference; fileEncoding = 4; lastKnownFileType = sourcecode.c.objc; name = WLCollectionView.m; path = Views/FrontPage/WLCollectionView.m; sourceTree = "<group>"; };
		0FDEC98F195AE8B900B462FE /* WLTabBar.h */ = {isa = PBXFileReference; fileEncoding = 4; lastKnownFileType = sourcecode.c.h; name = WLTabBar.h; path = Views/FrontPage/WLTabBar.h; sourceTree = "<group>"; };
		0FDEC990195AE8B900B462FE /* WLTabBar.m */ = {isa = PBXFileReference; fileEncoding = 4; lastKnownFileType = sourcecode.c.objc; name = WLTabBar.m; path = Views/FrontPage/WLTabBar.m; sourceTree = "<group>"; };
		0FDEC991195AE8B900B462FE /* WLTabBarDelegate.h */ = {isa = PBXFileReference; fileEncoding = 4; lastKnownFileType = sourcecode.c.h; name = WLTabBarDelegate.h; path = Views/FrontPage/WLTabBarDelegate.h; sourceTree = "<group>"; };
		0FDEC992195AE8B900B462FE /* WLTabBarItem.h */ = {isa = PBXFileReference; fileEncoding = 4; lastKnownFileType = sourcecode.c.h; name = WLTabBarItem.h; path = Views/FrontPage/WLTabBarItem.h; sourceTree = "<group>"; };
		0FDEC993195AE8B900B462FE /* WLTabBarItem.m */ = {isa = PBXFileReference; fileEncoding = 4; lastKnownFileType = sourcecode.c.objc; name = WLTabBarItem.m; path = Views/FrontPage/WLTabBarItem.m; sourceTree = "<group>"; };
		0FDEC994195AE8B900B462FE /* WLTabBarItemDelegate.h */ = {isa = PBXFileReference; fileEncoding = 4; lastKnownFileType = sourcecode.c.h; name = WLTabBarItemDelegate.h; path = Views/FrontPage/WLTabBarItemDelegate.h; sourceTree = "<group>"; };
		0FDEC999195AFF9800B462FE /* WLNavigationBar.h */ = {isa = PBXFileReference; fileEncoding = 4; lastKnownFileType = sourcecode.c.h; path = WLNavigationBar.h; sourceTree = "<group>"; };
		0FDEC99A195AFF9800B462FE /* WLNavigationBar.m */ = {isa = PBXFileReference; fileEncoding = 4; lastKnownFileType = sourcecode.c.objc; path = WLNavigationBar.m; sourceTree = "<group>"; };
		4027E316193F542B00FDF898 /* DFComment.h */ = {isa = PBXFileReference; fileEncoding = 4; lastKnownFileType = sourcecode.c.h; path = DFComment.h; sourceTree = "<group>"; };
		4027E317193F542B00FDF898 /* DFComment.m */ = {isa = PBXFileReference; fileEncoding = 4; lastKnownFileType = sourcecode.c.objc; path = DFComment.m; sourceTree = "<group>"; };
		4027E318193F542B00FDF898 /* DFMessage.h */ = {isa = PBXFileReference; fileEncoding = 4; lastKnownFileType = sourcecode.c.h; path = DFMessage.h; sourceTree = "<group>"; };
		4027E319193F542B00FDF898 /* DFMessage.m */ = {isa = PBXFileReference; fileEncoding = 4; lastKnownFileType = sourcecode.c.objc; path = DFMessage.m; sourceTree = "<group>"; };
		4030EA9218EDA48700EDE552 /* DFGlobalVar.h */ = {isa = PBXFileReference; fileEncoding = 4; lastKnownFileType = sourcecode.c.h; path = DFGlobalVar.h; sourceTree = "<group>"; };
		4030EA9318EDA48700EDE552 /* DFGlobalVar.m */ = {isa = PBXFileReference; fileEncoding = 4; lastKnownFileType = sourcecode.c.objc; path = DFGlobalVar.m; sourceTree = "<group>"; };
		403433CA18E91BF700459FF5 /* bar.png */ = {isa = PBXFileReference; lastKnownFileType = image.png; path = bar.png; sourceTree = "<group>"; };
		403433CC18E9309100459FF5 /* chamber.png */ = {isa = PBXFileReference; lastKnownFileType = image.png; path = chamber.png; sourceTree = "<group>"; };
		403433CD18E9309100459FF5 /* person.png */ = {isa = PBXFileReference; lastKnownFileType = image.png; path = person.png; sourceTree = "<group>"; };
		403433D018E9318B00459FF5 /* ktv.png */ = {isa = PBXFileReference; lastKnownFileType = image.png; path = ktv.png; sourceTree = "<group>"; };
		403433DE18E93FB500459FF5 /* star_empty.png */ = {isa = PBXFileReference; lastKnownFileType = image.png; path = star_empty.png; sourceTree = "<group>"; };
		403433DF18E93FB500459FF5 /* star_full.png */ = {isa = PBXFileReference; lastKnownFileType = image.png; path = star_full.png; sourceTree = "<group>"; };
		403433E018E93FB500459FF5 /* star_half.png */ = {isa = PBXFileReference; lastKnownFileType = image.png; path = star_half.png; sourceTree = "<group>"; };
		4040C67F18E3050300163066 /* Aurora.app */ = {isa = PBXFileReference; explicitFileType = wrapper.application; includeInIndex = 0; path = Aurora.app; sourceTree = BUILT_PRODUCTS_DIR; };
		4040C68218E3050300163066 /* Foundation.framework */ = {isa = PBXFileReference; lastKnownFileType = wrapper.framework; name = Foundation.framework; path = System/Library/Frameworks/Foundation.framework; sourceTree = SDKROOT; };
		4040C68418E3050300163066 /* CoreGraphics.framework */ = {isa = PBXFileReference; lastKnownFileType = wrapper.framework; name = CoreGraphics.framework; path = System/Library/Frameworks/CoreGraphics.framework; sourceTree = SDKROOT; };
		4040C68618E3050300163066 /* UIKit.framework */ = {isa = PBXFileReference; lastKnownFileType = wrapper.framework; name = UIKit.framework; path = System/Library/Frameworks/UIKit.framework; sourceTree = SDKROOT; };
		4040C68A18E3050300163066 /* Aurora-Info.plist */ = {isa = PBXFileReference; lastKnownFileType = text.plist.xml; path = "Aurora-Info.plist"; sourceTree = "<group>"; };
		4040C68C18E3050300163066 /* en */ = {isa = PBXFileReference; lastKnownFileType = text.plist.strings; name = en; path = en.lproj/InfoPlist.strings; sourceTree = "<group>"; };
		4040C68E18E3050300163066 /* main.m */ = {isa = PBXFileReference; lastKnownFileType = sourcecode.c.objc; path = main.m; sourceTree = "<group>"; };
		4040C69018E3050300163066 /* Aurora-Prefix.pch */ = {isa = PBXFileReference; lastKnownFileType = sourcecode.c.h; path = "Aurora-Prefix.pch"; sourceTree = "<group>"; };
		4040C69118E3050300163066 /* DFAppDelegate.h */ = {isa = PBXFileReference; lastKnownFileType = sourcecode.c.h; path = DFAppDelegate.h; sourceTree = "<group>"; };
		4040C69218E3050300163066 /* DFAppDelegate.m */ = {isa = PBXFileReference; lastKnownFileType = sourcecode.c.objc; path = DFAppDelegate.m; sourceTree = "<group>"; };
		4040C69718E3050300163066 /* DFViewController.h */ = {isa = PBXFileReference; lastKnownFileType = sourcecode.c.h; path = DFViewController.h; sourceTree = "<group>"; };
		4040C69818E3050300163066 /* DFViewController.m */ = {isa = PBXFileReference; lastKnownFileType = sourcecode.c.objc; path = DFViewController.m; sourceTree = "<group>"; };
		4040C69A18E3050300163066 /* Images.xcassets */ = {isa = PBXFileReference; lastKnownFileType = folder.assetcatalog; path = Images.xcassets; sourceTree = "<group>"; };
		4040C6A018E3050300163066 /* AuroraTests.xctest */ = {isa = PBXFileReference; explicitFileType = wrapper.cfbundle; includeInIndex = 0; path = AuroraTests.xctest; sourceTree = BUILT_PRODUCTS_DIR; };
		4040C6A118E3050300163066 /* XCTest.framework */ = {isa = PBXFileReference; lastKnownFileType = wrapper.framework; name = XCTest.framework; path = Library/Frameworks/XCTest.framework; sourceTree = DEVELOPER_DIR; };
		4040C6A918E3050300163066 /* AuroraTests-Info.plist */ = {isa = PBXFileReference; lastKnownFileType = text.plist.xml; path = "AuroraTests-Info.plist"; sourceTree = "<group>"; };
		4040C6AB18E3050300163066 /* en */ = {isa = PBXFileReference; lastKnownFileType = text.plist.strings; name = en; path = en.lproj/InfoPlist.strings; sourceTree = "<group>"; };
		4040C6AD18E3050300163066 /* AuroraTests.m */ = {isa = PBXFileReference; lastKnownFileType = sourcecode.c.objc; path = AuroraTests.m; sourceTree = "<group>"; };
		4040C6C318E3078C00163066 /* MyPageControl.h */ = {isa = PBXFileReference; fileEncoding = 4; lastKnownFileType = sourcecode.c.h; name = MyPageControl.h; path = Controller/MyPageControl.h; sourceTree = "<group>"; };
		4040C6C418E3078C00163066 /* MyPageControl.m */ = {isa = PBXFileReference; fileEncoding = 4; lastKnownFileType = sourcecode.c.objc; name = MyPageControl.m; path = Controller/MyPageControl.m; sourceTree = "<group>"; };
		4040C6C718E3078C00163066 /* ViewPager.h */ = {isa = PBXFileReference; fileEncoding = 4; lastKnownFileType = sourcecode.c.h; name = ViewPager.h; path = Controller/ViewPager.h; sourceTree = "<group>"; };
		4040C6C818E3078C00163066 /* ViewPager.m */ = {isa = PBXFileReference; fileEncoding = 4; lastKnownFileType = sourcecode.c.objc; name = ViewPager.m; path = Controller/ViewPager.m; sourceTree = "<group>"; };
		4040C6CB18E3078C00163066 /* EGOCache.h */ = {isa = PBXFileReference; fileEncoding = 4; lastKnownFileType = sourcecode.c.h; path = EGOCache.h; sourceTree = "<group>"; };
		4040C6CC18E3078C00163066 /* EGOCache.m */ = {isa = PBXFileReference; fileEncoding = 4; lastKnownFileType = sourcecode.c.objc; path = EGOCache.m; sourceTree = "<group>"; };
		4040C6CE18E3078C00163066 /* EGOImageButton.h */ = {isa = PBXFileReference; fileEncoding = 4; lastKnownFileType = sourcecode.c.h; path = EGOImageButton.h; sourceTree = "<group>"; };
		4040C6CF18E3078C00163066 /* EGOImageButton.m */ = {isa = PBXFileReference; fileEncoding = 4; lastKnownFileType = sourcecode.c.objc; path = EGOImageButton.m; sourceTree = "<group>"; };
		4040C6D118E3078C00163066 /* EGOImageLoadConnection.h */ = {isa = PBXFileReference; fileEncoding = 4; lastKnownFileType = sourcecode.c.h; path = EGOImageLoadConnection.h; sourceTree = "<group>"; };
		4040C6D218E3078C00163066 /* EGOImageLoadConnection.m */ = {isa = PBXFileReference; fileEncoding = 4; lastKnownFileType = sourcecode.c.objc; path = EGOImageLoadConnection.m; sourceTree = "<group>"; };
		4040C6D318E3078C00163066 /* EGOImageLoader.h */ = {isa = PBXFileReference; fileEncoding = 4; lastKnownFileType = sourcecode.c.h; path = EGOImageLoader.h; sourceTree = "<group>"; };
		4040C6D418E3078C00163066 /* EGOImageLoader.m */ = {isa = PBXFileReference; fileEncoding = 4; lastKnownFileType = sourcecode.c.objc; path = EGOImageLoader.m; sourceTree = "<group>"; };
		4040C6D618E3078C00163066 /* EGOImageView.h */ = {isa = PBXFileReference; fileEncoding = 4; lastKnownFileType = sourcecode.c.h; path = EGOImageView.h; sourceTree = "<group>"; };
		4040C6D718E3078C00163066 /* EGOImageView.m */ = {isa = PBXFileReference; fileEncoding = 4; lastKnownFileType = sourcecode.c.objc; path = EGOImageView.m; sourceTree = "<group>"; };
		4040C6EA18E3079700163066 /* blackArrow.png */ = {isa = PBXFileReference; lastKnownFileType = image.png; path = blackArrow.png; sourceTree = "<group>"; };
		4040C6EB18E3079700163066 /* blackArrow@2x.png */ = {isa = PBXFileReference; lastKnownFileType = image.png; path = "blackArrow@2x.png"; sourceTree = "<group>"; };
		4040C6EC18E3079700163066 /* blueArrow.png */ = {isa = PBXFileReference; lastKnownFileType = image.png; path = blueArrow.png; sourceTree = "<group>"; };
		4040C6ED18E3079700163066 /* blueArrow@2x.png */ = {isa = PBXFileReference; lastKnownFileType = image.png; path = "blueArrow@2x.png"; sourceTree = "<group>"; };
		4040C6EE18E3079700163066 /* grayArrow.png */ = {isa = PBXFileReference; lastKnownFileType = image.png; path = grayArrow.png; sourceTree = "<group>"; };
		4040C6EF18E3079700163066 /* grayArrow@2x.png */ = {isa = PBXFileReference; lastKnownFileType = image.png; path = "grayArrow@2x.png"; sourceTree = "<group>"; };
		4040C6F018E3079700163066 /* image1.jpg */ = {isa = PBXFileReference; lastKnownFileType = image.jpeg; path = image1.jpg; sourceTree = "<group>"; };
		4040C6F118E3079700163066 /* image2.jpg */ = {isa = PBXFileReference; lastKnownFileType = image.jpeg; path = image2.jpg; sourceTree = "<group>"; };
		4040C6F218E3079700163066 /* image3.jpg */ = {isa = PBXFileReference; lastKnownFileType = image.jpeg; path = image3.jpg; sourceTree = "<group>"; };
		4040C6F318E3079800163066 /* image4.jpg */ = {isa = PBXFileReference; lastKnownFileType = image.jpeg; path = image4.jpg; sourceTree = "<group>"; };
		4040C6F818E3079800163066 /* nav_trans_bg.png */ = {isa = PBXFileReference; lastKnownFileType = image.png; path = nav_trans_bg.png; sourceTree = "<group>"; };
		4040C6F918E3079800163066 /* shopIcon.png */ = {isa = PBXFileReference; lastKnownFileType = image.png; path = shopIcon.png; sourceTree = "<group>"; };
		4040C6FA18E3079800163066 /* whiteArrow.png */ = {isa = PBXFileReference; lastKnownFileType = image.png; path = whiteArrow.png; sourceTree = "<group>"; };
		4040C6FB18E3079800163066 /* whiteArrow@2x.png */ = {isa = PBXFileReference; lastKnownFileType = image.png; path = "whiteArrow@2x.png"; sourceTree = "<group>"; };
		4040C70F18E307D500163066 /* Base */ = {isa = PBXFileReference; lastKnownFileType = file.storyboard; name = Base; path = Base.lproj/MainStoryboard_iPhone.storyboard; sourceTree = "<group>"; };
		4043548818F82F7B003F6542 /* DFShop.h */ = {isa = PBXFileReference; fileEncoding = 4; lastKnownFileType = sourcecode.c.h; path = DFShop.h; sourceTree = "<group>"; };
		4043548918F82F7B003F6542 /* DFShop.m */ = {isa = PBXFileReference; fileEncoding = 4; lastKnownFileType = sourcecode.c.objc; path = DFShop.m; sourceTree = "<group>"; };
		409F6C4E1956BE610030E746 /* WLBasePage.h */ = {isa = PBXFileReference; fileEncoding = 4; lastKnownFileType = sourcecode.c.h; path = WLBasePage.h; sourceTree = "<group>"; };
		409F6C4F1956BE610030E746 /* WLBasePage.m */ = {isa = PBXFileReference; fileEncoding = 4; lastKnownFileType = sourcecode.c.objc; path = WLBasePage.m; sourceTree = "<group>"; };
		409F6C501956BE610030E746 /* WLFirstPage.h */ = {isa = PBXFileReference; fileEncoding = 4; lastKnownFileType = sourcecode.c.h; path = WLFirstPage.h; sourceTree = "<group>"; };
		409F6C511956BE610030E746 /* WLFirstPage.m */ = {isa = PBXFileReference; fileEncoding = 4; lastKnownFileType = sourcecode.c.objc; path = WLFirstPage.m; sourceTree = "<group>"; };
		409F6C521956BE610030E746 /* WLFourthPage.h */ = {isa = PBXFileReference; fileEncoding = 4; lastKnownFileType = sourcecode.c.h; path = WLFourthPage.h; sourceTree = "<group>"; };
		409F6C531956BE610030E746 /* WLFourthPage.m */ = {isa = PBXFileReference; fileEncoding = 4; lastKnownFileType = sourcecode.c.objc; path = WLFourthPage.m; sourceTree = "<group>"; };
		409F6C541956BE610030E746 /* WLNavigationControlller.h */ = {isa = PBXFileReference; fileEncoding = 4; lastKnownFileType = sourcecode.c.h; path = WLNavigationControlller.h; sourceTree = "<group>"; };
		409F6C551956BE610030E746 /* WLNavigationControlller.m */ = {isa = PBXFileReference; fileEncoding = 4; lastKnownFileType = sourcecode.c.objc; path = WLNavigationControlller.m; sourceTree = "<group>"; };
		409F6C561956BE610030E746 /* WLSecondPage.h */ = {isa = PBXFileReference; fileEncoding = 4; lastKnownFileType = sourcecode.c.h; path = WLSecondPage.h; sourceTree = "<group>"; };
		409F6C571956BE610030E746 /* WLSecondPage.m */ = {isa = PBXFileReference; fileEncoding = 4; lastKnownFileType = sourcecode.c.objc; path = WLSecondPage.m; sourceTree = "<group>"; };
		409F6C581956BE610030E746 /* WLThirdPage.h */ = {isa = PBXFileReference; fileEncoding = 4; lastKnownFileType = sourcecode.c.h; path = WLThirdPage.h; sourceTree = "<group>"; };
		409F6C591956BE610030E746 /* WLThirdPage.m */ = {isa = PBXFileReference; fileEncoding = 4; lastKnownFileType = sourcecode.c.objc; path = WLThirdPage.m; sourceTree = "<group>"; };
		409F6C5E1956BE610030E746 /* WLRootViewController.h */ = {isa = PBXFileReference; fileEncoding = 4; lastKnownFileType = sourcecode.c.h; path = WLRootViewController.h; sourceTree = "<group>"; };
		409F6C5F1956BE610030E746 /* WLRootViewController.m */ = {isa = PBXFileReference; fileEncoding = 4; lastKnownFileType = sourcecode.c.objc; path = WLRootViewController.m; sourceTree = "<group>"; };
		409F6C7B1956C45F0030E746 /* DFBarListController.h */ = {isa = PBXFileReference; fileEncoding = 4; lastKnownFileType = sourcecode.c.h; name = DFBarListController.h; path = Controller/DFBarListController.h; sourceTree = "<group>"; };
		409F6C7C1956C45F0030E746 /* DFBarListController.m */ = {isa = PBXFileReference; fileEncoding = 4; lastKnownFileType = sourcecode.c.objc; name = DFBarListController.m; path = Controller/DFBarListController.m; sourceTree = "<group>"; };
		409F6C7D1956C45F0030E746 /* DFChamberListController.h */ = {isa = PBXFileReference; fileEncoding = 4; lastKnownFileType = sourcecode.c.h; name = DFChamberListController.h; path = Controller/DFChamberListController.h; sourceTree = "<group>"; };
		409F6C7E1956C45F0030E746 /* DFChamberListController.m */ = {isa = PBXFileReference; fileEncoding = 4; lastKnownFileType = sourcecode.c.objc; name = DFChamberListController.m; path = Controller/DFChamberListController.m; sourceTree = "<group>"; };
		409F6C7F1956C45F0030E746 /* DFCommentListController.h */ = {isa = PBXFileReference; fileEncoding = 4; lastKnownFileType = sourcecode.c.h; name = DFCommentListController.h; path = Controller/DFCommentListController.h; sourceTree = "<group>"; };
		409F6C801956C45F0030E746 /* DFCommentListController.m */ = {isa = PBXFileReference; fileEncoding = 4; lastKnownFileType = sourcecode.c.objc; name = DFCommentListController.m; path = Controller/DFCommentListController.m; sourceTree = "<group>"; };
		409F6C811956C45F0030E746 /* DFKTVListController.h */ = {isa = PBXFileReference; fileEncoding = 4; lastKnownFileType = sourcecode.c.h; name = DFKTVListController.h; path = Controller/DFKTVListController.h; sourceTree = "<group>"; };
		409F6C821956C45F0030E746 /* DFKTVListController.m */ = {isa = PBXFileReference; fileEncoding = 4; lastKnownFileType = sourcecode.c.objc; name = DFKTVListController.m; path = Controller/DFKTVListController.m; sourceTree = "<group>"; };
		409F6C831956C45F0030E746 /* DFLoginController.h */ = {isa = PBXFileReference; fileEncoding = 4; lastKnownFileType = sourcecode.c.h; name = DFLoginController.h; path = Controller/DFLoginController.h; sourceTree = "<group>"; };
		409F6C841956C45F0030E746 /* DFLoginController.m */ = {isa = PBXFileReference; fileEncoding = 4; lastKnownFileType = sourcecode.c.objc; name = DFLoginController.m; path = Controller/DFLoginController.m; sourceTree = "<group>"; };
		409F6C851956C45F0030E746 /* DFMGOrderDealListController.h */ = {isa = PBXFileReference; fileEncoding = 4; lastKnownFileType = sourcecode.c.h; name = DFMGOrderDealListController.h; path = Controller/DFMGOrderDealListController.h; sourceTree = "<group>"; };
		409F6C861956C4600030E746 /* DFMGOrderDealListController.m */ = {isa = PBXFileReference; fileEncoding = 4; lastKnownFileType = sourcecode.c.objc; name = DFMGOrderDealListController.m; path = Controller/DFMGOrderDealListController.m; sourceTree = "<group>"; };
		409F6C871956C4600030E746 /* DFOderDealController.h */ = {isa = PBXFileReference; fileEncoding = 4; lastKnownFileType = sourcecode.c.h; name = DFOderDealController.h; path = Controller/DFOderDealController.h; sourceTree = "<group>"; };
		409F6C881956C4600030E746 /* DFOderDealController.m */ = {isa = PBXFileReference; fileEncoding = 4; lastKnownFileType = sourcecode.c.objc; name = DFOderDealController.m; path = Controller/DFOderDealController.m; sourceTree = "<group>"; };
		409F6C891956C4600030E746 /* DFOrderDetailController.h */ = {isa = PBXFileReference; fileEncoding = 4; lastKnownFileType = sourcecode.c.h; name = DFOrderDetailController.h; path = Controller/DFOrderDetailController.h; sourceTree = "<group>"; };
		409F6C8A1956C4600030E746 /* DFOrderDetailController.m */ = {isa = PBXFileReference; fileEncoding = 4; lastKnownFileType = sourcecode.c.objc; name = DFOrderDetailController.m; path = Controller/DFOrderDetailController.m; sourceTree = "<group>"; };
		409F6C8B1956C4600030E746 /* DFPersonalCenterController.h */ = {isa = PBXFileReference; fileEncoding = 4; lastKnownFileType = sourcecode.c.h; name = DFPersonalCenterController.h; path = Controller/DFPersonalCenterController.h; sourceTree = "<group>"; };
		409F6C8C1956C4600030E746 /* DFPersonalCenterController.m */ = {isa = PBXFileReference; fileEncoding = 4; lastKnownFileType = sourcecode.c.objc; name = DFPersonalCenterController.m; path = Controller/DFPersonalCenterController.m; sourceTree = "<group>"; };
		409F6C8D1956C4600030E746 /* DFPSOrderListController.h */ = {isa = PBXFileReference; fileEncoding = 4; lastKnownFileType = sourcecode.c.h; name = DFPSOrderListController.h; path = Controller/DFPSOrderListController.h; sourceTree = "<group>"; };
		409F6C8E1956C4600030E746 /* DFPSOrderListController.m */ = {isa = PBXFileReference; fileEncoding = 4; lastKnownFileType = sourcecode.c.objc; name = DFPSOrderListController.m; path = Controller/DFPSOrderListController.m; sourceTree = "<group>"; };
		409F6C8F1956C4600030E746 /* DFQualificationController.h */ = {isa = PBXFileReference; fileEncoding = 4; lastKnownFileType = sourcecode.c.h; name = DFQualificationController.h; path = Controller/DFQualificationController.h; sourceTree = "<group>"; };
		409F6C901956C4600030E746 /* DFQualificationController.m */ = {isa = PBXFileReference; fileEncoding = 4; lastKnownFileType = sourcecode.c.objc; name = DFQualificationController.m; path = Controller/DFQualificationController.m; sourceTree = "<group>"; };
		409F6C911956C4600030E746 /* DFRegisterController.h */ = {isa = PBXFileReference; fileEncoding = 4; lastKnownFileType = sourcecode.c.h; name = DFRegisterController.h; path = Controller/DFRegisterController.h; sourceTree = "<group>"; };
		409F6C921956C4600030E746 /* DFRegisterController.m */ = {isa = PBXFileReference; fileEncoding = 4; lastKnownFileType = sourcecode.c.objc; name = DFRegisterController.m; path = Controller/DFRegisterController.m; sourceTree = "<group>"; };
		409F6C931956C4600030E746 /* DFReserveController.h */ = {isa = PBXFileReference; fileEncoding = 4; lastKnownFileType = sourcecode.c.h; name = DFReserveController.h; path = Controller/DFReserveController.h; sourceTree = "<group>"; };
		409F6C941956C4600030E746 /* DFReserveController.m */ = {isa = PBXFileReference; fileEncoding = 4; lastKnownFileType = sourcecode.c.objc; name = DFReserveController.m; path = Controller/DFReserveController.m; sourceTree = "<group>"; };
		409F6C951956C4600030E746 /* DFRootTabBarController.h */ = {isa = PBXFileReference; fileEncoding = 4; lastKnownFileType = sourcecode.c.h; name = DFRootTabBarController.h; path = Controller/DFRootTabBarController.h; sourceTree = "<group>"; };
		409F6C961956C4600030E746 /* DFRootTabBarController.m */ = {isa = PBXFileReference; fileEncoding = 4; lastKnownFileType = sourcecode.c.objc; name = DFRootTabBarController.m; path = Controller/DFRootTabBarController.m; sourceTree = "<group>"; };
		409F6C971956C4600030E746 /* DFShopDetailController.h */ = {isa = PBXFileReference; fileEncoding = 4; lastKnownFileType = sourcecode.c.h; name = DFShopDetailController.h; path = Controller/DFShopDetailController.h; sourceTree = "<group>"; };
		409F6C981956C4600030E746 /* DFShopDetailController.m */ = {isa = PBXFileReference; fileEncoding = 4; lastKnownFileType = sourcecode.c.objc; name = DFShopDetailController.m; path = Controller/DFShopDetailController.m; sourceTree = "<group>"; };
		409F6C991956C4600030E746 /* DFUserCenterController.h */ = {isa = PBXFileReference; fileEncoding = 4; lastKnownFileType = sourcecode.c.h; name = DFUserCenterController.h; path = Controller/DFUserCenterController.h; sourceTree = "<group>"; };
		409F6C9A1956C4600030E746 /* DFUserCenterController.m */ = {isa = PBXFileReference; fileEncoding = 4; lastKnownFileType = sourcecode.c.objc; name = DFUserCenterController.m; path = Controller/DFUserCenterController.m; sourceTree = "<group>"; };
		409F6C9B1956C4600030E746 /* ViewController.h */ = {isa = PBXFileReference; fileEncoding = 4; lastKnownFileType = sourcecode.c.h; name = ViewController.h; path = Controller/ViewController.h; sourceTree = "<group>"; };
		409F6C9C1956C4600030E746 /* ViewController.m */ = {isa = PBXFileReference; fileEncoding = 4; lastKnownFileType = sourcecode.c.objc; name = ViewController.m; path = Controller/ViewController.m; sourceTree = "<group>"; };
		40B0A08F18FCFC1F009D5A0D /* NSString+SQ.h */ = {isa = PBXFileReference; fileEncoding = 4; lastKnownFileType = sourcecode.c.h; path = "NSString+SQ.h"; sourceTree = "<group>"; };
		40B0A09018FCFC1F009D5A0D /* NSString+SQ.m */ = {isa = PBXFileReference; fileEncoding = 4; lastKnownFileType = sourcecode.c.objc; path = "NSString+SQ.m"; sourceTree = "<group>"; };
		40B0A09118FCFC1F009D5A0D /* UIColor+SQ.h */ = {isa = PBXFileReference; fileEncoding = 4; lastKnownFileType = sourcecode.c.h; path = "UIColor+SQ.h"; sourceTree = "<group>"; };
		40B0A09218FCFC1F009D5A0D /* UIColor+SQ.m */ = {isa = PBXFileReference; fileEncoding = 4; lastKnownFileType = sourcecode.c.objc; path = "UIColor+SQ.m"; sourceTree = "<group>"; };
		40B0A09618FCFC32009D5A0D /* SQRiskCursor.h */ = {isa = PBXFileReference; fileEncoding = 4; lastKnownFileType = sourcecode.c.h; path = SQRiskCursor.h; sourceTree = "<group>"; };
		40B0A09718FCFC32009D5A0D /* SQRiskCursor.m */ = {isa = PBXFileReference; fileEncoding = 4; lastKnownFileType = sourcecode.c.objc; path = SQRiskCursor.m; sourceTree = "<group>"; };
		40B3E27518F43CB300472C1F /* DFUser.h */ = {isa = PBXFileReference; fileEncoding = 4; lastKnownFileType = sourcecode.c.h; path = DFUser.h; sourceTree = "<group>"; };
		40B3E27618F43CB300472C1F /* DFUser.m */ = {isa = PBXFileReference; fileEncoding = 4; lastKnownFileType = sourcecode.c.objc; path = DFUser.m; sourceTree = "<group>"; };
		40B44EAA19339B7C00F04533 /* JSONKit.h */ = {isa = PBXFileReference; fileEncoding = 4; lastKnownFileType = sourcecode.c.h; path = JSONKit.h; sourceTree = "<group>"; };
		40B44EAB19339B7C00F04533 /* JSONKit.m */ = {isa = PBXFileReference; fileEncoding = 4; lastKnownFileType = sourcecode.c.objc; path = JSONKit.m; sourceTree = "<group>"; };
		40B44EAD19339C7A00F04533 /* CFNetwork.framework */ = {isa = PBXFileReference; lastKnownFileType = wrapper.framework; name = CFNetwork.framework; path = System/Library/Frameworks/CFNetwork.framework; sourceTree = SDKROOT; };
		40B44EAF19339C8700F04533 /* libz.dylib */ = {isa = PBXFileReference; lastKnownFileType = "compiled.mach-o.dylib"; name = libz.dylib; path = usr/lib/libz.dylib; sourceTree = SDKROOT; };
		40B44EB119339C9400F04533 /* libxml2.2.dylib */ = {isa = PBXFileReference; lastKnownFileType = "compiled.mach-o.dylib"; name = libxml2.2.dylib; path = usr/lib/libxml2.2.dylib; sourceTree = SDKROOT; };
		40BFAE9218EF0062001C6767 /* DFUserOrder.h */ = {isa = PBXFileReference; fileEncoding = 4; lastKnownFileType = sourcecode.c.h; path = DFUserOrder.h; sourceTree = "<group>"; };
		40BFAE9318EF0062001C6767 /* DFUserOrder.m */ = {isa = PBXFileReference; fileEncoding = 4; lastKnownFileType = sourcecode.c.objc; path = DFUserOrder.m; sourceTree = "<group>"; };
		40F8DC861956C64300C93961 /* DFMGShopListController.h */ = {isa = PBXFileReference; fileEncoding = 4; lastKnownFileType = sourcecode.c.h; name = DFMGShopListController.h; path = Controller/DFMGShopListController.h; sourceTree = "<group>"; };
		40F8DC871956C64300C93961 /* DFMGShopListController.m */ = {isa = PBXFileReference; fileEncoding = 4; lastKnownFileType = sourcecode.c.objc; name = DFMGShopListController.m; path = Controller/DFMGShopListController.m; sourceTree = "<group>"; };
		40F8DC8A19583CA900C93961 /* YBAddCommentController.h */ = {isa = PBXFileReference; fileEncoding = 4; lastKnownFileType = sourcecode.c.h; name = YBAddCommentController.h; path = Controller/YBAddCommentController.h; sourceTree = "<group>"; };
		40F8DC8B19583CA900C93961 /* YBAddCommentController.m */ = {isa = PBXFileReference; fileEncoding = 4; lastKnownFileType = sourcecode.c.objc; name = YBAddCommentController.m; path = Controller/YBAddCommentController.m; sourceTree = "<group>"; };
		40F8DC8D19584A5C00C93961 /* DFManagerController.h */ = {isa = PBXFileReference; fileEncoding = 4; lastKnownFileType = sourcecode.c.h; path = DFManagerController.h; sourceTree = "<group>"; };
		40F8DC8E19584A5C00C93961 /* DFManagerController.m */ = {isa = PBXFileReference; fileEncoding = 4; lastKnownFileType = sourcecode.c.objc; path = DFManagerController.m; sourceTree = "<group>"; };
/* End PBXFileReference section */

/* Begin PBXFrameworksBuildPhase section */
		4040C67C18E3050300163066 /* Frameworks */ = {
			isa = PBXFrameworksBuildPhase;
			buildActionMask = 2147483647;
			files = (
				40B44EB219339C9400F04533 /* libxml2.2.dylib in Frameworks */,
				40B44EB019339C8700F04533 /* libz.dylib in Frameworks */,
				40B44EAE19339C7A00F04533 /* CFNetwork.framework in Frameworks */,
				4040C68518E3050300163066 /* CoreGraphics.framework in Frameworks */,
				4040C68718E3050300163066 /* UIKit.framework in Frameworks */,
				4040C68318E3050300163066 /* Foundation.framework in Frameworks */,
			);
			runOnlyForDeploymentPostprocessing = 0;
		};
		4040C69D18E3050300163066 /* Frameworks */ = {
			isa = PBXFrameworksBuildPhase;
			buildActionMask = 2147483647;
			files = (
				4040C6A218E3050300163066 /* XCTest.framework in Frameworks */,
				4040C6A418E3050300163066 /* UIKit.framework in Frameworks */,
				4040C6A318E3050300163066 /* Foundation.framework in Frameworks */,
			);
			runOnlyForDeploymentPostprocessing = 0;
		};
/* End PBXFrameworksBuildPhase section */

/* Begin PBXGroup section */
		0F9EE14D195684C000428AE7 /* Utils */ = {
			isa = PBXGroup;
			children = (
				0FAB5A9F19585E0B00CE7DCC /* WLVIewCreater.h */,
				0FAB5AA019585E0B00CE7DCC /* WLVIewCreater.m */,
				0F9EE14E1956852A00428AE7 /* WLUtils.h */,
				0F9EE14F1956852A00428AE7 /* WLUtils.m */,
			);
			name = Utils;
			sourceTree = "<group>";
		};
		0F9EE15119568B1100428AE7 /* Views */ = {
			isa = PBXGroup;
			children = (
				0FDEC987195AE83500B462FE /* FontPage */,
			);
			name = Views;
			sourceTree = "<group>";
		};
		0F9EE16E1956AC7D00428AE7 /* Datas */ = {
			isa = PBXGroup;
			children = (
				0F9EE16F1956AE0100428AE7 /* WLDataManager.h */,
				0F9EE1701956AE0100428AE7 /* WLDataManager.m */,
			);
			name = Datas;
			sourceTree = "<group>";
		};
		0FDEC96719598CFF00B462FE /* TabBar */ = {
			isa = PBXGroup;
			children = (
				0FDEC96819598CFF00B462FE /* icon_tabbar_merchant_normal.png */,
				0FDEC96919598CFF00B462FE /* icon_tabbar_merchant_selected.png */,
			);
			path = TabBar;
			sourceTree = "<group>";
		};
		0FDEC96C1959941200B462FE /* Collections */ = {
			isa = PBXGroup;
			children = (
				0FDEC96D1959941200B462FE /* icon_homepage_dailyNewDealCategory.png */,
				0FDEC96E1959941200B462FE /* icon_homepage_entertainmentCategory.png */,
				0FDEC96F1959941200B462FE /* icon_homepage_foodCategory.png */,
				0FDEC9701959941200B462FE /* icon_homepage_hotelCategory.png */,
				0FDEC9711959941200B462FE /* icon_homepage_KTVCategory.png */,
				0FDEC9721959941200B462FE /* icon_homepage_masageCategory.png */,
				0FDEC9731959941200B462FE /* icon_homepage_moreCategory.png */,
				0FDEC9741959941200B462FE /* icon_homepage_movieCategory.png */,
			);
			path = Collections;
			sourceTree = "<group>";
		};
		0FDEC9821959A8C500B462FE /* Buttons */ = {
			isa = PBXGroup;
			children = (
				0FDEC9831959A8C500B462FE /* ump_icon_back.png */,
				0FDEC9841959A8C500B462FE /* ump_icon_back_foucs.png */,
			);
			path = Buttons;
			sourceTree = "<group>";
		};
		0FDEC987195AE83500B462FE /* FontPage */ = {
			isa = PBXGroup;
			children = (
				0FDEC98B195AE8B900B462FE /* WLCollectionCell.h */,
				0FDEC98C195AE8B900B462FE /* WLCollectionCell.m */,
				0FDEC98D195AE8B900B462FE /* WLCollectionView.h */,
				0FDEC98E195AE8B900B462FE /* WLCollectionView.m */,
				0FDEC98F195AE8B900B462FE /* WLTabBar.h */,
				0FDEC990195AE8B900B462FE /* WLTabBar.m */,
				0FDEC991195AE8B900B462FE /* WLTabBarDelegate.h */,
				0FDEC992195AE8B900B462FE /* WLTabBarItem.h */,
				0FDEC993195AE8B900B462FE /* WLTabBarItem.m */,
				0FDEC994195AE8B900B462FE /* WLTabBarItemDelegate.h */,
				0FDEC988195AE88C00B462FE /* WLAdvertismentView.h */,
				0FDEC989195AE88C00B462FE /* WLAdvertismentView.m */,
			);
			name = FontPage;
			sourceTree = "<group>";
		};
		40214E6F1900F32E000BB4D2 /* ViewPager */ = {
			isa = PBXGroup;
			children = (
				4040C6C318E3078C00163066 /* MyPageControl.h */,
				4040C6C418E3078C00163066 /* MyPageControl.m */,
				4040C6C718E3078C00163066 /* ViewPager.h */,
				4040C6C818E3078C00163066 /* ViewPager.m */,
			);
			name = ViewPager;
			sourceTree = "<group>";
		};
		4040C67618E3050300163066 = {
			isa = PBXGroup;
			children = (
				4040C68818E3050300163066 /* Aurora */,
				4040C6A718E3050300163066 /* AuroraTests */,
				4040C68118E3050300163066 /* Frameworks */,
				4040C68018E3050300163066 /* Products */,
			);
			sourceTree = "<group>";
		};
		4040C68018E3050300163066 /* Products */ = {
			isa = PBXGroup;
			children = (
				4040C67F18E3050300163066 /* Aurora.app */,
				4040C6A018E3050300163066 /* AuroraTests.xctest */,
			);
			name = Products;
			sourceTree = "<group>";
		};
		4040C68118E3050300163066 /* Frameworks */ = {
			isa = PBXGroup;
			children = (
				40B44EB119339C9400F04533 /* libxml2.2.dylib */,
				40B44EAF19339C8700F04533 /* libz.dylib */,
				40B44EAD19339C7A00F04533 /* CFNetwork.framework */,
				4040C68218E3050300163066 /* Foundation.framework */,
				4040C68418E3050300163066 /* CoreGraphics.framework */,
				4040C68618E3050300163066 /* UIKit.framework */,
				4040C6A118E3050300163066 /* XCTest.framework */,
			);
			name = Frameworks;
			sourceTree = "<group>";
		};
		4040C68818E3050300163066 /* Aurora */ = {
			isa = PBXGroup;
			children = (
				4040C70E18E307D500163066 /* MainStoryboard_iPhone.storyboard */,
				4040C6E918E3079700163066 /* Images */,
				4040C6B718E3078C00163066 /* Classes */,
				4040C69118E3050300163066 /* DFAppDelegate.h */,
				4040C69218E3050300163066 /* DFAppDelegate.m */,
				4040C69718E3050300163066 /* DFViewController.h */,
				4040C69818E3050300163066 /* DFViewController.m */,
				4040C69A18E3050300163066 /* Images.xcassets */,
				4040C68918E3050300163066 /* Supporting Files */,
			);
			path = Aurora;
			sourceTree = "<group>";
		};
		4040C68918E3050300163066 /* Supporting Files */ = {
			isa = PBXGroup;
			children = (
				4040C68A18E3050300163066 /* Aurora-Info.plist */,
				4040C68B18E3050300163066 /* InfoPlist.strings */,
				4040C68E18E3050300163066 /* main.m */,
				4040C69018E3050300163066 /* Aurora-Prefix.pch */,
			);
			name = "Supporting Files";
			sourceTree = "<group>";
		};
		4040C6A718E3050300163066 /* AuroraTests */ = {
			isa = PBXGroup;
			children = (
				4040C6AD18E3050300163066 /* AuroraTests.m */,
				4040C6A818E3050300163066 /* Supporting Files */,
			);
			path = AuroraTests;
			sourceTree = "<group>";
		};
		4040C6A818E3050300163066 /* Supporting Files */ = {
			isa = PBXGroup;
			children = (
				4040C6A918E3050300163066 /* AuroraTests-Info.plist */,
				4040C6AA18E3050300163066 /* InfoPlist.strings */,
			);
			name = "Supporting Files";
			sourceTree = "<group>";
		};
		4040C6B718E3078C00163066 /* Classes */ = {
			isa = PBXGroup;
			children = (
				40F8DC8A19583CA900C93961 /* YBAddCommentController.h */,
				40F8DC8B19583CA900C93961 /* YBAddCommentController.m */,
				409F6CAE1956C46E0030E746 /* OrderDeal */,
				409F6C7B1956C45F0030E746 /* DFBarListController.h */,
				409F6C7C1956C45F0030E746 /* DFBarListController.m */,
				409F6C7D1956C45F0030E746 /* DFChamberListController.h */,
				409F6C7E1956C45F0030E746 /* DFChamberListController.m */,
				409F6C8D1956C4600030E746 /* DFPSOrderListController.h */,
				409F6C8E1956C4600030E746 /* DFPSOrderListController.m */,
				409F6C7F1956C45F0030E746 /* DFCommentListController.h */,
				409F6C801956C45F0030E746 /* DFCommentListController.m */,
				409F6C811956C45F0030E746 /* DFKTVListController.h */,
				409F6C821956C45F0030E746 /* DFKTVListController.m */,
				409F6C831956C45F0030E746 /* DFLoginController.h */,
				409F6C841956C45F0030E746 /* DFLoginController.m */,
				409F6C891956C4600030E746 /* DFOrderDetailController.h */,
				409F6C8A1956C4600030E746 /* DFOrderDetailController.m */,
				409F6C8B1956C4600030E746 /* DFPersonalCenterController.h */,
				409F6C8C1956C4600030E746 /* DFPersonalCenterController.m */,
				409F6C8F1956C4600030E746 /* DFQualificationController.h */,
				409F6C901956C4600030E746 /* DFQualificationController.m */,
				409F6C911956C4600030E746 /* DFRegisterController.h */,
				409F6C921956C4600030E746 /* DFRegisterController.m */,
				409F6C931956C4600030E746 /* DFReserveController.h */,
				409F6C941956C4600030E746 /* DFReserveController.m */,
				409F6C951956C4600030E746 /* DFRootTabBarController.h */,
				409F6C961956C4600030E746 /* DFRootTabBarController.m */,
				409F6C971956C4600030E746 /* DFShopDetailController.h */,
				409F6C981956C4600030E746 /* DFShopDetailController.m */,
				409F6C991956C4600030E746 /* DFUserCenterController.h */,
				409F6C9A1956C4600030E746 /* DFUserCenterController.m */,
				409F6C9B1956C4600030E746 /* ViewController.h */,
				409F6C9C1956C4600030E746 /* ViewController.m */,
				409F6C2A1956BE610030E746 /* Controller */,
				0F9EE16E1956AC7D00428AE7 /* Datas */,
				0F9EE15119568B1100428AE7 /* Views */,
				0F9EE14D195684C000428AE7 /* Utils */,
				40B44EA919339B7C00F04533 /* JSONKit */,
				40214E6F1900F32E000BB4D2 /* ViewPager */,
				40B0A09518FCFC32009D5A0D /* slider */,
				40B0A08F18FCFC1F009D5A0D /* NSString+SQ.h */,
				40B0A09018FCFC1F009D5A0D /* NSString+SQ.m */,
				40B0A09118FCFC1F009D5A0D /* UIColor+SQ.h */,
				40B0A09218FCFC1F009D5A0D /* UIColor+SQ.m */,
				40BFAE9118EF003E001C6767 /* Model */,
				4040C6C918E3078C00163066 /* ImageCache */,
				4030EA9218EDA48700EDE552 /* DFGlobalVar.h */,
				4030EA9318EDA48700EDE552 /* DFGlobalVar.m */,
				40F8DC8D19584A5C00C93961 /* DFManagerController.h */,
				40F8DC8E19584A5C00C93961 /* DFManagerController.m */,
			);
			path = Classes;
			sourceTree = "<group>";
		};
		4040C6C918E3078C00163066 /* ImageCache */ = {
			isa = PBXGroup;
			children = (
				4040C6CA18E3078C00163066 /* EGOCache */,
				4040C6CD18E3078C00163066 /* EGOImageButton */,
				4040C6D018E3078C00163066 /* EGOImageLoader */,
				4040C6D518E3078C00163066 /* EGOImageView */,
			);
			path = ImageCache;
			sourceTree = "<group>";
		};
		4040C6CA18E3078C00163066 /* EGOCache */ = {
			isa = PBXGroup;
			children = (
				4040C6CB18E3078C00163066 /* EGOCache.h */,
				4040C6CC18E3078C00163066 /* EGOCache.m */,
			);
			path = EGOCache;
			sourceTree = "<group>";
		};
		4040C6CD18E3078C00163066 /* EGOImageButton */ = {
			isa = PBXGroup;
			children = (
				4040C6CE18E3078C00163066 /* EGOImageButton.h */,
				4040C6CF18E3078C00163066 /* EGOImageButton.m */,
			);
			path = EGOImageButton;
			sourceTree = "<group>";
		};
		4040C6D018E3078C00163066 /* EGOImageLoader */ = {
			isa = PBXGroup;
			children = (
				4040C6D118E3078C00163066 /* EGOImageLoadConnection.h */,
				4040C6D218E3078C00163066 /* EGOImageLoadConnection.m */,
				4040C6D318E3078C00163066 /* EGOImageLoader.h */,
				4040C6D418E3078C00163066 /* EGOImageLoader.m */,
			);
			path = EGOImageLoader;
			sourceTree = "<group>";
		};
		4040C6D518E3078C00163066 /* EGOImageView */ = {
			isa = PBXGroup;
			children = (
				4040C6D618E3078C00163066 /* EGOImageView.h */,
				4040C6D718E3078C00163066 /* EGOImageView.m */,
			);
			path = EGOImageView;
			sourceTree = "<group>";
		};
		4040C6E918E3079700163066 /* Images */ = {
			isa = PBXGroup;
			children = (
				0FDEC9821959A8C500B462FE /* Buttons */,
				0FDEC96C1959941200B462FE /* Collections */,
				0FDEC96719598CFF00B462FE /* TabBar */,
				403433DE18E93FB500459FF5 /* star_empty.png */,
				403433DF18E93FB500459FF5 /* star_full.png */,
				403433E018E93FB500459FF5 /* star_half.png */,
				403433D018E9318B00459FF5 /* ktv.png */,
				403433CC18E9309100459FF5 /* chamber.png */,
				403433CD18E9309100459FF5 /* person.png */,
				403433CA18E91BF700459FF5 /* bar.png */,
				4040C6EA18E3079700163066 /* blackArrow.png */,
				4040C6EB18E3079700163066 /* blackArrow@2x.png */,
				4040C6EC18E3079700163066 /* blueArrow.png */,
				4040C6ED18E3079700163066 /* blueArrow@2x.png */,
				4040C6EE18E3079700163066 /* grayArrow.png */,
				4040C6EF18E3079700163066 /* grayArrow@2x.png */,
				4040C6F018E3079700163066 /* image1.jpg */,
				4040C6F118E3079700163066 /* image2.jpg */,
				4040C6F218E3079700163066 /* image3.jpg */,
				4040C6F318E3079800163066 /* image4.jpg */,
				4040C6F818E3079800163066 /* nav_trans_bg.png */,
				4040C6F918E3079800163066 /* shopIcon.png */,
				4040C6FA18E3079800163066 /* whiteArrow.png */,
				4040C6FB18E3079800163066 /* whiteArrow@2x.png */,
			);
			path = Images;
			sourceTree = "<group>";
		};
		409F6C2A1956BE610030E746 /* Controller */ = {
			isa = PBXGroup;
			children = (
				409F6C4D1956BE610030E746 /* RootPages */,
				409F6C5E1956BE610030E746 /* WLRootViewController.h */,
				409F6C5F1956BE610030E746 /* WLRootViewController.m */,
			);
			path = Controller;
			sourceTree = "<group>";
		};
		409F6C4D1956BE610030E746 /* RootPages */ = {
			isa = PBXGroup;
			children = (
				409F6C4E1956BE610030E746 /* WLBasePage.h */,
				409F6C4F1956BE610030E746 /* WLBasePage.m */,
				409F6C501956BE610030E746 /* WLFirstPage.h */,
				409F6C511956BE610030E746 /* WLFirstPage.m */,
				409F6C521956BE610030E746 /* WLFourthPage.h */,
				409F6C531956BE610030E746 /* WLFourthPage.m */,
				409F6C541956BE610030E746 /* WLNavigationControlller.h */,
				409F6C551956BE610030E746 /* WLNavigationControlller.m */,
				409F6C561956BE610030E746 /* WLSecondPage.h */,
				409F6C571956BE610030E746 /* WLSecondPage.m */,
				409F6C581956BE610030E746 /* WLThirdPage.h */,
				409F6C591956BE610030E746 /* WLThirdPage.m */,
				0FDEC999195AFF9800B462FE /* WLNavigationBar.h */,
				0FDEC99A195AFF9800B462FE /* WLNavigationBar.m */,
			);
			path = RootPages;
			sourceTree = "<group>";
		};
		409F6CAE1956C46E0030E746 /* OrderDeal */ = {
			isa = PBXGroup;
			children = (
				409F6C871956C4600030E746 /* DFOderDealController.h */,
				409F6C881956C4600030E746 /* DFOderDealController.m */,
				409F6C851956C45F0030E746 /* DFMGOrderDealListController.h */,
				409F6C861956C4600030E746 /* DFMGOrderDealListController.m */,
				40F8DC861956C64300C93961 /* DFMGShopListController.h */,
				40F8DC871956C64300C93961 /* DFMGShopListController.m */,
			);
			name = OrderDeal;
			sourceTree = "<group>";
		};
		40B0A09518FCFC32009D5A0D /* slider */ = {
			isa = PBXGroup;
			children = (
				40B0A09618FCFC32009D5A0D /* SQRiskCursor.h */,
				40B0A09718FCFC32009D5A0D /* SQRiskCursor.m */,
			);
			path = slider;
			sourceTree = "<group>";
		};
		40B44EA919339B7C00F04533 /* JSONKit */ = {
			isa = PBXGroup;
			children = (
				40B44EAA19339B7C00F04533 /* JSONKit.h */,
				40B44EAB19339B7C00F04533 /* JSONKit.m */,
			);
			path = JSONKit;
			sourceTree = "<group>";
		};
		40BFAE9118EF003E001C6767 /* Model */ = {
			isa = PBXGroup;
			children = (
				4027E316193F542B00FDF898 /* DFComment.h */,
				4027E317193F542B00FDF898 /* DFComment.m */,
				4027E318193F542B00FDF898 /* DFMessage.h */,
				4027E319193F542B00FDF898 /* DFMessage.m */,
				40BFAE9218EF0062001C6767 /* DFUserOrder.h */,
				40BFAE9318EF0062001C6767 /* DFUserOrder.m */,
				40B3E27518F43CB300472C1F /* DFUser.h */,
				40B3E27618F43CB300472C1F /* DFUser.m */,
				4043548818F82F7B003F6542 /* DFShop.h */,
				4043548918F82F7B003F6542 /* DFShop.m */,
				0FDEC97D1959951B00B462FE /* WLCollectionCellModel.h */,
				0FDEC97E1959951B00B462FE /* WLCollectionCellModel.m */,
			);
			path = Model;
			sourceTree = "<group>";
		};
/* End PBXGroup section */

/* Begin PBXNativeTarget section */
		4040C67E18E3050300163066 /* Aurora */ = {
			isa = PBXNativeTarget;
			buildConfigurationList = 4040C6B118E3050300163066 /* Build configuration list for PBXNativeTarget "Aurora" */;
			buildPhases = (
				4040C67B18E3050300163066 /* Sources */,
				4040C67C18E3050300163066 /* Frameworks */,
				4040C67D18E3050300163066 /* Resources */,
			);
			buildRules = (
			);
			dependencies = (
			);
			name = Aurora;
			productName = Aurora;
			productReference = 4040C67F18E3050300163066 /* Aurora.app */;
			productType = "com.apple.product-type.application";
		};
		4040C69F18E3050300163066 /* AuroraTests */ = {
			isa = PBXNativeTarget;
			buildConfigurationList = 4040C6B418E3050300163066 /* Build configuration list for PBXNativeTarget "AuroraTests" */;
			buildPhases = (
				4040C69C18E3050300163066 /* Sources */,
				4040C69D18E3050300163066 /* Frameworks */,
				4040C69E18E3050300163066 /* Resources */,
			);
			buildRules = (
			);
			dependencies = (
				4040C6A618E3050300163066 /* PBXTargetDependency */,
			);
			name = AuroraTests;
			productName = AuroraTests;
			productReference = 4040C6A018E3050300163066 /* AuroraTests.xctest */;
			productType = "com.apple.product-type.bundle.unit-test";
		};
/* End PBXNativeTarget section */

/* Begin PBXProject section */
		4040C67718E3050300163066 /* Project object */ = {
			isa = PBXProject;
			attributes = {
				CLASSPREFIX = DF;
				LastUpgradeCheck = 0510;
				ORGANIZATIONNAME = david;
				TargetAttributes = {
					4040C69F18E3050300163066 = {
						TestTargetID = 4040C67E18E3050300163066;
					};
				};
			};
			buildConfigurationList = 4040C67A18E3050300163066 /* Build configuration list for PBXProject "Aurora" */;
			compatibilityVersion = "Xcode 3.2";
			developmentRegion = English;
			hasScannedForEncodings = 0;
			knownRegions = (
				en,
				Base,
			);
			mainGroup = 4040C67618E3050300163066;
			productRefGroup = 4040C68018E3050300163066 /* Products */;
			projectDirPath = "";
			projectRoot = "";
			targets = (
				4040C67E18E3050300163066 /* Aurora */,
				4040C69F18E3050300163066 /* AuroraTests */,
			);
		};
/* End PBXProject section */

/* Begin PBXResourcesBuildPhase section */
		4040C67D18E3050300163066 /* Resources */ = {
			isa = PBXResourcesBuildPhase;
			buildActionMask = 2147483647;
			files = (
				4040C70318E3079800163066 /* image2.jpg in Resources */,
				4040C69B18E3050300163066 /* Images.xcassets in Resources */,
				4040C70D18E3079800163066 /* whiteArrow@2x.png in Resources */,
				4040C71018E307D500163066 /* MainStoryboard_iPhone.storyboard in Resources */,
				4040C70C18E3079800163066 /* whiteArrow.png in Resources */,
				403433CF18E9309100459FF5 /* person.png in Resources */,
				4040C70218E3079800163066 /* image1.jpg in Resources */,
				4040C70418E3079800163066 /* image3.jpg in Resources */,
				4040C6FC18E3079800163066 /* blackArrow.png in Resources */,
				4040C68D18E3050300163066 /* InfoPlist.strings in Resources */,
				4040C70118E3079800163066 /* grayArrow@2x.png in Resources */,
				0FDEC9761959941200B462FE /* icon_homepage_entertainmentCategory.png in Resources */,
				403433E118E93FB600459FF5 /* star_empty.png in Resources */,
				403433CE18E9309100459FF5 /* chamber.png in Resources */,
				4040C70A18E3079800163066 /* nav_trans_bg.png in Resources */,
				0FDEC9861959A8C500B462FE /* ump_icon_back_foucs.png in Resources */,
				403433D118E9318B00459FF5 /* ktv.png in Resources */,
				4040C70518E3079800163066 /* image4.jpg in Resources */,
				0FDEC9751959941200B462FE /* icon_homepage_dailyNewDealCategory.png in Resources */,
				4040C6FF18E3079800163066 /* blueArrow@2x.png in Resources */,
				0FDEC96B19598D0000B462FE /* icon_tabbar_merchant_selected.png in Resources */,
				4040C70B18E3079800163066 /* shopIcon.png in Resources */,
				0FDEC97B1959941200B462FE /* icon_homepage_moreCategory.png in Resources */,
				0FDEC96A19598D0000B462FE /* icon_tabbar_merchant_normal.png in Resources */,
				403433E218E93FB600459FF5 /* star_full.png in Resources */,
				4040C6FE18E3079800163066 /* blueArrow.png in Resources */,
				0FDEC97A1959941200B462FE /* icon_homepage_masageCategory.png in Resources */,
				0FDEC9791959941200B462FE /* icon_homepage_KTVCategory.png in Resources */,
				403433E318E93FB600459FF5 /* star_half.png in Resources */,
				4040C6FD18E3079800163066 /* blackArrow@2x.png in Resources */,
				0FDEC97C1959941200B462FE /* icon_homepage_movieCategory.png in Resources */,
				403433CB18E91BF700459FF5 /* bar.png in Resources */,
				0FDEC9771959941200B462FE /* icon_homepage_foodCategory.png in Resources */,
				4040C70018E3079800163066 /* grayArrow.png in Resources */,
				0FDEC9851959A8C500B462FE /* ump_icon_back.png in Resources */,
				0FDEC9781959941200B462FE /* icon_homepage_hotelCategory.png in Resources */,
			);
			runOnlyForDeploymentPostprocessing = 0;
		};
		4040C69E18E3050300163066 /* Resources */ = {
			isa = PBXResourcesBuildPhase;
			buildActionMask = 2147483647;
			files = (
				4040C6AC18E3050300163066 /* InfoPlist.strings in Resources */,
			);
			runOnlyForDeploymentPostprocessing = 0;
		};
/* End PBXResourcesBuildPhase section */

/* Begin PBXSourcesBuildPhase section */
		4040C67B18E3050300163066 /* Sources */ = {
			isa = PBXSourcesBuildPhase;
			buildActionMask = 2147483647;
			files = (
				40F8DC891956D9E400C93961 /* WLDataManager.m in Sources */,
				4040C6E718E3078C00163066 /* EGOImageView.m in Sources */,
				4030EA9418EDA48700EDE552 /* DFGlobalVar.m in Sources */,
				40B0A09318FCFC1F009D5A0D /* NSString+SQ.m in Sources */,
				4040C69318E3050300163066 /* DFAppDelegate.m in Sources */,
				4040C69918E3050300163066 /* DFViewController.m in Sources */,
				0FDEC995195AE8B900B462FE /* WLCollectionCell.m in Sources */,
				409F6C9F1956C4600030E746 /* DFCommentListController.m in Sources */,
				409F6CA21956C4600030E746 /* DFMGOrderDealListController.m in Sources */,
				409F6C741956BE610030E746 /* WLNavigationControlller.m in Sources */,
				409F6C731956BE610030E746 /* WLFourthPage.m in Sources */,
				4027E31B193F542B00FDF898 /* DFMessage.m in Sources */,
				409F6CA71956C4600030E746 /* DFQualificationController.m in Sources */,
				409F6C711956BE610030E746 /* WLBasePage.m in Sources */,
				0FDEC99B195AFF9800B462FE /* WLNavigationBar.m in Sources */,
				409F6CAA1956C4600030E746 /* DFRootTabBarController.m in Sources */,
				409F6C751956BE610030E746 /* WLSecondPage.m in Sources */,
				409F6C721956BE610030E746 /* WLFirstPage.m in Sources */,
				0FAB5AA119585E0B00CE7DCC /* WLVIewCreater.m in Sources */,
				4040C6E418E3078C00163066 /* EGOImageButton.m in Sources */,
				4027E31A193F542B00FDF898 /* DFComment.m in Sources */,
				40F8DC8C19583CA900C93961 /* YBAddCommentController.m in Sources */,
				40BFAE9418EF0062001C6767 /* DFUserOrder.m in Sources */,
				409F6C9E1956C4600030E746 /* DFChamberListController.m in Sources */,
				409F6C761956BE610030E746 /* WLThirdPage.m in Sources */,
				4040C6E218E3078C00163066 /* ViewPager.m in Sources */,
				4043548A18F82F7B003F6542 /* DFShop.m in Sources */,
				409F6CA01956C4600030E746 /* DFKTVListController.m in Sources */,
				409F6CA51956C4600030E746 /* DFPersonalCenterController.m in Sources */,
				409F6CA41956C4600030E746 /* DFOrderDetailController.m in Sources */,
				40F8DC881956C64300C93961 /* DFMGShopListController.m in Sources */,
				40B44EAC19339B7C00F04533 /* JSONKit.m in Sources */,
				409F6CAB1956C4600030E746 /* DFShopDetailController.m in Sources */,
				40B0A09418FCFC1F009D5A0D /* UIColor+SQ.m in Sources */,
				409F6CA81956C4600030E746 /* DFRegisterController.m in Sources */,
				4040C6E318E3078C00163066 /* EGOCache.m in Sources */,
				0FDEC996195AE8B900B462FE /* WLCollectionView.m in Sources */,
				409F6C9D1956C4600030E746 /* DFBarListController.m in Sources */,
				409F6CAC1956C4600030E746 /* DFUserCenterController.m in Sources */,
				409F6CA11956C4600030E746 /* DFLoginController.m in Sources */,
				409F6CAD1956C4600030E746 /* ViewController.m in Sources */,
				40B0A09818FCFC32009D5A0D /* SQRiskCursor.m in Sources */,
				4040C6E518E3078C00163066 /* EGOImageLoadConnection.m in Sources */,
				4040C68F18E3050300163066 /* main.m in Sources */,
				0F9EE1501956852A00428AE7 /* WLUtils.m in Sources */,
				40F8DC8F19584A5C00C93961 /* DFManagerController.m in Sources */,
				409F6CA91956C4600030E746 /* DFReserveController.m in Sources */,
				409F6C791956BE610030E746 /* WLRootViewController.m in Sources */,
				0FDEC998195AE8B900B462FE /* WLTabBarItem.m in Sources */,
				4040C6E018E3078C00163066 /* MyPageControl.m in Sources */,
				409F6CA31956C4600030E746 /* DFOderDealController.m in Sources */,
				0FDEC98A195AE88C00B462FE /* WLAdvertismentView.m in Sources */,
				409F6CA61956C4600030E746 /* DFPSOrderListController.m in Sources */,
				40B3E27718F43CB300472C1F /* DFUser.m in Sources */,
				0FDEC997195AE8B900B462FE /* WLTabBar.m in Sources */,
				4040C6E618E3078C00163066 /* EGOImageLoader.m in Sources */,
				0FDEC97F1959951B00B462FE /* WLCollectionCellModel.m in Sources */,
			);
			runOnlyForDeploymentPostprocessing = 0;
		};
		4040C69C18E3050300163066 /* Sources */ = {
			isa = PBXSourcesBuildPhase;
			buildActionMask = 2147483647;
			files = (
				4040C6AE18E3050300163066 /* AuroraTests.m in Sources */,
			);
			runOnlyForDeploymentPostprocessing = 0;
		};
/* End PBXSourcesBuildPhase section */

/* Begin PBXTargetDependency section */
		4040C6A618E3050300163066 /* PBXTargetDependency */ = {
			isa = PBXTargetDependency;
			target = 4040C67E18E3050300163066 /* Aurora */;
			targetProxy = 4040C6A518E3050300163066 /* PBXContainerItemProxy */;
		};
/* End PBXTargetDependency section */

/* Begin PBXVariantGroup section */
		4040C68B18E3050300163066 /* InfoPlist.strings */ = {
			isa = PBXVariantGroup;
			children = (
				4040C68C18E3050300163066 /* en */,
			);
			name = InfoPlist.strings;
			sourceTree = "<group>";
		};
		4040C6AA18E3050300163066 /* InfoPlist.strings */ = {
			isa = PBXVariantGroup;
			children = (
				4040C6AB18E3050300163066 /* en */,
			);
			name = InfoPlist.strings;
			sourceTree = "<group>";
		};
		4040C70E18E307D500163066 /* MainStoryboard_iPhone.storyboard */ = {
			isa = PBXVariantGroup;
			children = (
				4040C70F18E307D500163066 /* Base */,
			);
			name = MainStoryboard_iPhone.storyboard;
			sourceTree = "<group>";
		};
/* End PBXVariantGroup section */

/* Begin XCBuildConfiguration section */
		4040C6AF18E3050300163066 /* Debug */ = {
			isa = XCBuildConfiguration;
			buildSettings = {
				ALWAYS_SEARCH_USER_PATHS = NO;
				CLANG_CXX_LANGUAGE_STANDARD = "gnu++0x";
				CLANG_CXX_LIBRARY = "libc++";
				CLANG_ENABLE_MODULES = YES;
				CLANG_ENABLE_OBJC_ARC = YES;
				CLANG_WARN_BOOL_CONVERSION = YES;
				CLANG_WARN_CONSTANT_CONVERSION = YES;
				CLANG_WARN_DIRECT_OBJC_ISA_USAGE = YES_ERROR;
				CLANG_WARN_EMPTY_BODY = YES;
				CLANG_WARN_ENUM_CONVERSION = YES;
				CLANG_WARN_INT_CONVERSION = YES;
				CLANG_WARN_OBJC_ROOT_CLASS = YES_ERROR;
				CLANG_WARN__DUPLICATE_METHOD_MATCH = YES;
				"CODE_SIGN_IDENTITY[sdk=iphoneos*]" = "iPhone Developer";
				COPY_PHASE_STRIP = NO;
				GCC_C_LANGUAGE_STANDARD = gnu99;
				GCC_DYNAMIC_NO_PIC = NO;
				GCC_OPTIMIZATION_LEVEL = 0;
				GCC_PREPROCESSOR_DEFINITIONS = (
					"DEBUG=1",
					"$(inherited)",
				);
				GCC_SYMBOLS_PRIVATE_EXTERN = NO;
				GCC_WARN_64_TO_32_BIT_CONVERSION = YES;
				GCC_WARN_ABOUT_RETURN_TYPE = YES_ERROR;
				GCC_WARN_UNDECLARED_SELECTOR = YES;
				GCC_WARN_UNINITIALIZED_AUTOS = YES_AGGRESSIVE;
				GCC_WARN_UNUSED_FUNCTION = YES;
				GCC_WARN_UNUSED_VARIABLE = YES;
				IPHONEOS_DEPLOYMENT_TARGET = 7.0;
				ONLY_ACTIVE_ARCH = YES;
				SDKROOT = iphoneos;
			};
			name = Debug;
		};
		4040C6B018E3050300163066 /* Release */ = {
			isa = XCBuildConfiguration;
			buildSettings = {
				ALWAYS_SEARCH_USER_PATHS = NO;
				CLANG_CXX_LANGUAGE_STANDARD = "gnu++0x";
				CLANG_CXX_LIBRARY = "libc++";
				CLANG_ENABLE_MODULES = YES;
				CLANG_ENABLE_OBJC_ARC = YES;
				CLANG_WARN_BOOL_CONVERSION = YES;
				CLANG_WARN_CONSTANT_CONVERSION = YES;
				CLANG_WARN_DIRECT_OBJC_ISA_USAGE = YES_ERROR;
				CLANG_WARN_EMPTY_BODY = YES;
				CLANG_WARN_ENUM_CONVERSION = YES;
				CLANG_WARN_INT_CONVERSION = YES;
				CLANG_WARN_OBJC_ROOT_CLASS = YES_ERROR;
				CLANG_WARN__DUPLICATE_METHOD_MATCH = YES;
				"CODE_SIGN_IDENTITY[sdk=iphoneos*]" = "iPhone Developer";
				COPY_PHASE_STRIP = YES;
				ENABLE_NS_ASSERTIONS = NO;
				GCC_C_LANGUAGE_STANDARD = gnu99;
				GCC_WARN_64_TO_32_BIT_CONVERSION = YES;
				GCC_WARN_ABOUT_RETURN_TYPE = YES_ERROR;
				GCC_WARN_UNDECLARED_SELECTOR = YES;
				GCC_WARN_UNINITIALIZED_AUTOS = YES_AGGRESSIVE;
				GCC_WARN_UNUSED_FUNCTION = YES;
				GCC_WARN_UNUSED_VARIABLE = YES;
				IPHONEOS_DEPLOYMENT_TARGET = 7.0;
				SDKROOT = iphoneos;
				VALIDATE_PRODUCT = YES;
			};
			name = Release;
		};
		4040C6B218E3050300163066 /* Debug */ = {
			isa = XCBuildConfiguration;
			buildSettings = {
				ASSETCATALOG_COMPILER_APPICON_NAME = AppIcon;
				ASSETCATALOG_COMPILER_LAUNCHIMAGE_NAME = LaunchImage;
				GCC_PRECOMPILE_PREFIX_HEADER = YES;
				GCC_PREFIX_HEADER = "Aurora/Aurora-Prefix.pch";
				INFOPLIST_FILE = "Aurora/Aurora-Info.plist";
				IPHONEOS_DEPLOYMENT_TARGET = 7.0;
				PRODUCT_NAME = "$(TARGET_NAME)";
				WRAPPER_EXTENSION = app;
			};
			name = Debug;
		};
		4040C6B318E3050300163066 /* Release */ = {
			isa = XCBuildConfiguration;
			buildSettings = {
				ASSETCATALOG_COMPILER_APPICON_NAME = AppIcon;
				ASSETCATALOG_COMPILER_LAUNCHIMAGE_NAME = LaunchImage;
				GCC_PRECOMPILE_PREFIX_HEADER = YES;
				GCC_PREFIX_HEADER = "Aurora/Aurora-Prefix.pch";
				INFOPLIST_FILE = "Aurora/Aurora-Info.plist";
				IPHONEOS_DEPLOYMENT_TARGET = 7.0;
				PRODUCT_NAME = "$(TARGET_NAME)";
				WRAPPER_EXTENSION = app;
			};
			name = Release;
		};
		4040C6B518E3050300163066 /* Debug */ = {
			isa = XCBuildConfiguration;
			buildSettings = {
				BUNDLE_LOADER = "$(BUILT_PRODUCTS_DIR)/Aurora.app/Aurora";
				FRAMEWORK_SEARCH_PATHS = (
					"$(SDKROOT)/Developer/Library/Frameworks",
					"$(inherited)",
					"$(DEVELOPER_FRAMEWORKS_DIR)",
				);
				GCC_PRECOMPILE_PREFIX_HEADER = YES;
				GCC_PREFIX_HEADER = "Aurora/Aurora-Prefix.pch";
				GCC_PREPROCESSOR_DEFINITIONS = (
					"DEBUG=1",
					"$(inherited)",
				);
				INFOPLIST_FILE = "AuroraTests/AuroraTests-Info.plist";
				PRODUCT_NAME = "$(TARGET_NAME)";
				TEST_HOST = "$(BUNDLE_LOADER)";
				WRAPPER_EXTENSION = xctest;
			};
			name = Debug;
		};
		4040C6B618E3050300163066 /* Release */ = {
			isa = XCBuildConfiguration;
			buildSettings = {
				BUNDLE_LOADER = "$(BUILT_PRODUCTS_DIR)/Aurora.app/Aurora";
				FRAMEWORK_SEARCH_PATHS = (
					"$(SDKROOT)/Developer/Library/Frameworks",
					"$(inherited)",
					"$(DEVELOPER_FRAMEWORKS_DIR)",
				);
				GCC_PRECOMPILE_PREFIX_HEADER = YES;
				GCC_PREFIX_HEADER = "Aurora/Aurora-Prefix.pch";
				INFOPLIST_FILE = "AuroraTests/AuroraTests-Info.plist";
				PRODUCT_NAME = "$(TARGET_NAME)";
				TEST_HOST = "$(BUNDLE_LOADER)";
				WRAPPER_EXTENSION = xctest;
			};
			name = Release;
		};
/* End XCBuildConfiguration section */

/* Begin XCConfigurationList section */
		4040C67A18E3050300163066 /* Build configuration list for PBXProject "Aurora" */ = {
			isa = XCConfigurationList;
			buildConfigurations = (
				4040C6AF18E3050300163066 /* Debug */,
				4040C6B018E3050300163066 /* Release */,
			);
			defaultConfigurationIsVisible = 0;
			defaultConfigurationName = Release;
		};
		4040C6B118E3050300163066 /* Build configuration list for PBXNativeTarget "Aurora" */ = {
			isa = XCConfigurationList;
			buildConfigurations = (
				4040C6B218E3050300163066 /* Debug */,
				4040C6B318E3050300163066 /* Release */,
			);
			defaultConfigurationIsVisible = 0;
			defaultConfigurationName = Release;
		};
		4040C6B418E3050300163066 /* Build configuration list for PBXNativeTarget "AuroraTests" */ = {
			isa = XCConfigurationList;
			buildConfigurations = (
				4040C6B518E3050300163066 /* Debug */,
				4040C6B618E3050300163066 /* Release */,
			);
			defaultConfigurationIsVisible = 0;
			defaultConfigurationName = Release;
		};
/* End XCConfigurationList section */
	};
	rootObject = 4040C67718E3050300163066 /* Project object */;
}
