// !$*UTF8*$!
{
	archiveVersion = 1;
	classes = {
	};
	objectVersion = 46;
	objects = {

/* Begin PBXBuildFile section */
		4030EA9418EDA48700EDE552 /* DFGlobalVar.m in Sources */ = {isa = PBXBuildFile; fileRef = 4030EA9318EDA48700EDE552 /* DFGlobalVar.m */; };
		4030EA9718EDA98B00EDE552 /* DFUserCenterController.m in Sources */ = {isa = PBXBuildFile; fileRef = 4030EA9618EDA98B00EDE552 /* DFUserCenterController.m */; };
		4030EA9A18EDA9A500EDE552 /* DFPersonalCenterController.m in Sources */ = {isa = PBXBuildFile; fileRef = 4030EA9918EDA9A500EDE552 /* DFPersonalCenterController.m */; };
		403433CB18E91BF700459FF5 /* bar.png in Resources */ = {isa = PBXBuildFile; fileRef = 403433CA18E91BF700459FF5 /* bar.png */; };
		403433CE18E9309100459FF5 /* chamber.png in Resources */ = {isa = PBXBuildFile; fileRef = 403433CC18E9309100459FF5 /* chamber.png */; };
		403433CF18E9309100459FF5 /* person.png in Resources */ = {isa = PBXBuildFile; fileRef = 403433CD18E9309100459FF5 /* person.png */; };
		403433D118E9318B00459FF5 /* ktv.png in Resources */ = {isa = PBXBuildFile; fileRef = 403433D018E9318B00459FF5 /* ktv.png */; };
		403433E118E93FB600459FF5 /* star_empty.png in Resources */ = {isa = PBXBuildFile; fileRef = 403433DE18E93FB500459FF5 /* star_empty.png */; };
		403433E218E93FB600459FF5 /* star_full.png in Resources */ = {isa = PBXBuildFile; fileRef = 403433DF18E93FB500459FF5 /* star_full.png */; };
		403433E318E93FB600459FF5 /* star_half.png in Resources */ = {isa = PBXBuildFile; fileRef = 403433E018E93FB500459FF5 /* star_half.png */; };
		4040C68318E3050300163066 /* Foundation.framework in Frameworks */ = {isa = PBXBuildFile; fileRef = 4040C68218E3050300163066 /* Foundation.framework */; };
		4040C68518E3050300163066 /* CoreGraphics.framework in Frameworks */ = {isa = PBXBuildFile; fileRef = 4040C68418E3050300163066 /* CoreGraphics.framework */; };
		4040C68718E3050300163066 /* UIKit.framework in Frameworks */ = {isa = PBXBuildFile; fileRef = 4040C68618E3050300163066 /* UIKit.framework */; };
		4040C68D18E3050300163066 /* InfoPlist.strings in Resources */ = {isa = PBXBuildFile; fileRef = 4040C68B18E3050300163066 /* InfoPlist.strings */; };
		4040C68F18E3050300163066 /* main.m in Sources */ = {isa = PBXBuildFile; fileRef = 4040C68E18E3050300163066 /* main.m */; };
		4040C69318E3050300163066 /* DFAppDelegate.m in Sources */ = {isa = PBXBuildFile; fileRef = 4040C69218E3050300163066 /* DFAppDelegate.m */; };
		4040C69918E3050300163066 /* DFViewController.m in Sources */ = {isa = PBXBuildFile; fileRef = 4040C69818E3050300163066 /* DFViewController.m */; };
		4040C69B18E3050300163066 /* Images.xcassets in Resources */ = {isa = PBXBuildFile; fileRef = 4040C69A18E3050300163066 /* Images.xcassets */; };
		4040C6A218E3050300163066 /* XCTest.framework in Frameworks */ = {isa = PBXBuildFile; fileRef = 4040C6A118E3050300163066 /* XCTest.framework */; };
		4040C6A318E3050300163066 /* Foundation.framework in Frameworks */ = {isa = PBXBuildFile; fileRef = 4040C68218E3050300163066 /* Foundation.framework */; };
		4040C6A418E3050300163066 /* UIKit.framework in Frameworks */ = {isa = PBXBuildFile; fileRef = 4040C68618E3050300163066 /* UIKit.framework */; };
		4040C6AC18E3050300163066 /* InfoPlist.strings in Resources */ = {isa = PBXBuildFile; fileRef = 4040C6AA18E3050300163066 /* InfoPlist.strings */; };
		4040C6AE18E3050300163066 /* AuroraTests.m in Sources */ = {isa = PBXBuildFile; fileRef = 4040C6AD18E3050300163066 /* AuroraTests.m */; };
		4040C6DB18E3078C00163066 /* DFRegisterController.m in Sources */ = {isa = PBXBuildFile; fileRef = 4040C6BA18E3078C00163066 /* DFRegisterController.m */; settings = {COMPILER_FLAGS = "-fno-objc-arc"; }; };
		4040C6DC18E3078C00163066 /* DFReserveController.m in Sources */ = {isa = PBXBuildFile; fileRef = 4040C6BC18E3078C00163066 /* DFReserveController.m */; settings = {COMPILER_FLAGS = "-fno-objc-arc"; }; };
		4040C6DD18E3078C00163066 /* DFShopDetailController.m in Sources */ = {isa = PBXBuildFile; fileRef = 4040C6BE18E3078C00163066 /* DFShopDetailController.m */; settings = {COMPILER_FLAGS = "-fno-objc-arc"; }; };
		4040C6DE18E3078C00163066 /* DFBarListController.m in Sources */ = {isa = PBXBuildFile; fileRef = 4040C6C018E3078C00163066 /* DFBarListController.m */; settings = {COMPILER_FLAGS = "-fno-objc-arc"; }; };
		4040C6DF18E3078C00163066 /* DFLoginController.m in Sources */ = {isa = PBXBuildFile; fileRef = 4040C6C218E3078C00163066 /* DFLoginController.m */; settings = {COMPILER_FLAGS = "-fno-objc-arc"; }; };
		4040C6E018E3078C00163066 /* MyPageControl.m in Sources */ = {isa = PBXBuildFile; fileRef = 4040C6C418E3078C00163066 /* MyPageControl.m */; };
		4040C6E118E3078C00163066 /* ViewController.m in Sources */ = {isa = PBXBuildFile; fileRef = 4040C6C618E3078C00163066 /* ViewController.m */; };
		4040C6E218E3078C00163066 /* ViewPager.m in Sources */ = {isa = PBXBuildFile; fileRef = 4040C6C818E3078C00163066 /* ViewPager.m */; };
		4040C6E318E3078C00163066 /* EGOCache.m in Sources */ = {isa = PBXBuildFile; fileRef = 4040C6CC18E3078C00163066 /* EGOCache.m */; settings = {COMPILER_FLAGS = "-fno-objc-arc"; }; };
		4040C6E418E3078C00163066 /* EGOImageButton.m in Sources */ = {isa = PBXBuildFile; fileRef = 4040C6CF18E3078C00163066 /* EGOImageButton.m */; settings = {COMPILER_FLAGS = "-fno-objc-arc"; }; };
		4040C6E518E3078C00163066 /* EGOImageLoadConnection.m in Sources */ = {isa = PBXBuildFile; fileRef = 4040C6D218E3078C00163066 /* EGOImageLoadConnection.m */; settings = {COMPILER_FLAGS = "-fno-objc-arc"; }; };
		4040C6E618E3078C00163066 /* EGOImageLoader.m in Sources */ = {isa = PBXBuildFile; fileRef = 4040C6D418E3078C00163066 /* EGOImageLoader.m */; settings = {COMPILER_FLAGS = "-fno-objc-arc"; }; };
		4040C6E718E3078C00163066 /* EGOImageView.m in Sources */ = {isa = PBXBuildFile; fileRef = 4040C6D718E3078C00163066 /* EGOImageView.m */; settings = {COMPILER_FLAGS = "-fno-objc-arc"; }; };
		4040C6E818E3078C00163066 /* RateView.m in Sources */ = {isa = PBXBuildFile; fileRef = 4040C6DA18E3078C00163066 /* RateView.m */; };
		4040C6FC18E3079800163066 /* blackArrow.png in Resources */ = {isa = PBXBuildFile; fileRef = 4040C6EA18E3079700163066 /* blackArrow.png */; };
		4040C6FD18E3079800163066 /* blackArrow@2x.png in Resources */ = {isa = PBXBuildFile; fileRef = 4040C6EB18E3079700163066 /* blackArrow@2x.png */; };
		4040C6FE18E3079800163066 /* blueArrow.png in Resources */ = {isa = PBXBuildFile; fileRef = 4040C6EC18E3079700163066 /* blueArrow.png */; };
		4040C6FF18E3079800163066 /* blueArrow@2x.png in Resources */ = {isa = PBXBuildFile; fileRef = 4040C6ED18E3079700163066 /* blueArrow@2x.png */; };
		4040C70018E3079800163066 /* grayArrow.png in Resources */ = {isa = PBXBuildFile; fileRef = 4040C6EE18E3079700163066 /* grayArrow.png */; };
		4040C70118E3079800163066 /* grayArrow@2x.png in Resources */ = {isa = PBXBuildFile; fileRef = 4040C6EF18E3079700163066 /* grayArrow@2x.png */; };
		4040C70218E3079800163066 /* image1.jpg in Resources */ = {isa = PBXBuildFile; fileRef = 4040C6F018E3079700163066 /* image1.jpg */; };
		4040C70318E3079800163066 /* image2.jpg in Resources */ = {isa = PBXBuildFile; fileRef = 4040C6F118E3079700163066 /* image2.jpg */; };
		4040C70418E3079800163066 /* image3.jpg in Resources */ = {isa = PBXBuildFile; fileRef = 4040C6F218E3079700163066 /* image3.jpg */; };
		4040C70518E3079800163066 /* image4.jpg in Resources */ = {isa = PBXBuildFile; fileRef = 4040C6F318E3079800163066 /* image4.jpg */; };
		4040C70A18E3079800163066 /* nav_trans_bg.png in Resources */ = {isa = PBXBuildFile; fileRef = 4040C6F818E3079800163066 /* nav_trans_bg.png */; };
		4040C70B18E3079800163066 /* shopIcon.png in Resources */ = {isa = PBXBuildFile; fileRef = 4040C6F918E3079800163066 /* shopIcon.png */; };
		4040C70C18E3079800163066 /* whiteArrow.png in Resources */ = {isa = PBXBuildFile; fileRef = 4040C6FA18E3079800163066 /* whiteArrow.png */; };
		4040C70D18E3079800163066 /* whiteArrow@2x.png in Resources */ = {isa = PBXBuildFile; fileRef = 4040C6FB18E3079800163066 /* whiteArrow@2x.png */; };
		4040C71018E307D500163066 /* MainStoryboard_iPhone.storyboard in Resources */ = {isa = PBXBuildFile; fileRef = 4040C70E18E307D500163066 /* MainStoryboard_iPhone.storyboard */; };
		4043548A18F82F7B003F6542 /* DFShop.m in Sources */ = {isa = PBXBuildFile; fileRef = 4043548918F82F7B003F6542 /* DFShop.m */; };
		40483D7318EC61BD0040116A /* DFRootTabBarController.m in Sources */ = {isa = PBXBuildFile; fileRef = 40483D7218EC61BD0040116A /* DFRootTabBarController.m */; };
		40AC793E18F034B0004B63C3 /* DFQualificationController.m in Sources */ = {isa = PBXBuildFile; fileRef = 40AC793D18F034B0004B63C3 /* DFQualificationController.m */; };
		40B3E27718F43CB300472C1F /* DFUser.m in Sources */ = {isa = PBXBuildFile; fileRef = 40B3E27618F43CB300472C1F /* DFUser.m */; };
		40B3E27A18F4471500472C1F /* DFOderDealController.m in Sources */ = {isa = PBXBuildFile; fileRef = 40B3E27918F4471500472C1F /* DFOderDealController.m */; };
		40BFAE8918EEE3FC001C6767 /* DFPSOrderListController.m in Sources */ = {isa = PBXBuildFile; fileRef = 40BFAE8818EEE3FC001C6767 /* DFPSOrderListController.m */; };
		40BFAE8C18EEE419001C6767 /* DFMGOrderListController.m in Sources */ = {isa = PBXBuildFile; fileRef = 40BFAE8B18EEE419001C6767 /* DFMGOrderListController.m */; };
		40BFAE9418EF0062001C6767 /* DFUserOrder.m in Sources */ = {isa = PBXBuildFile; fileRef = 40BFAE9318EF0062001C6767 /* DFUserOrder.m */; };
		40D2DB6518FBAFEC000DA952 /* DFKTVListController.m in Sources */ = {isa = PBXBuildFile; fileRef = 40D2DB6418FBAFEC000DA952 /* DFKTVListController.m */; };
		40D2DB6818FBB024000DA952 /* DFChamberListController.m in Sources */ = {isa = PBXBuildFile; fileRef = 40D2DB6718FBB024000DA952 /* DFChamberListController.m */; };
/* End PBXBuildFile section */

/* Begin PBXContainerItemProxy section */
		4040C6A518E3050300163066 /* PBXContainerItemProxy */ = {
			isa = PBXContainerItemProxy;
			containerPortal = 4040C67718E3050300163066 /* Project object */;
			proxyType = 1;
			remoteGlobalIDString = 4040C67E18E3050300163066;
			remoteInfo = Aurora;
		};
/* End PBXContainerItemProxy section */

/* Begin PBXFileReference section */
		4030EA9218EDA48700EDE552 /* DFGlobalVar.h */ = {isa = PBXFileReference; fileEncoding = 4; lastKnownFileType = sourcecode.c.h; path = DFGlobalVar.h; sourceTree = "<group>"; };
		4030EA9318EDA48700EDE552 /* DFGlobalVar.m */ = {isa = PBXFileReference; fileEncoding = 4; lastKnownFileType = sourcecode.c.objc; path = DFGlobalVar.m; sourceTree = "<group>"; };
		4030EA9518EDA98B00EDE552 /* DFUserCenterController.h */ = {isa = PBXFileReference; fileEncoding = 4; lastKnownFileType = sourcecode.c.h; path = DFUserCenterController.h; sourceTree = "<group>"; };
		4030EA9618EDA98B00EDE552 /* DFUserCenterController.m */ = {isa = PBXFileReference; fileEncoding = 4; lastKnownFileType = sourcecode.c.objc; path = DFUserCenterController.m; sourceTree = "<group>"; };
		4030EA9818EDA9A500EDE552 /* DFPersonalCenterController.h */ = {isa = PBXFileReference; fileEncoding = 4; lastKnownFileType = sourcecode.c.h; path = DFPersonalCenterController.h; sourceTree = "<group>"; };
		4030EA9918EDA9A500EDE552 /* DFPersonalCenterController.m */ = {isa = PBXFileReference; fileEncoding = 4; lastKnownFileType = sourcecode.c.objc; path = DFPersonalCenterController.m; sourceTree = "<group>"; };
		403433CA18E91BF700459FF5 /* bar.png */ = {isa = PBXFileReference; lastKnownFileType = image.png; path = bar.png; sourceTree = "<group>"; };
		403433CC18E9309100459FF5 /* chamber.png */ = {isa = PBXFileReference; lastKnownFileType = image.png; path = chamber.png; sourceTree = "<group>"; };
		403433CD18E9309100459FF5 /* person.png */ = {isa = PBXFileReference; lastKnownFileType = image.png; path = person.png; sourceTree = "<group>"; };
		403433D018E9318B00459FF5 /* ktv.png */ = {isa = PBXFileReference; lastKnownFileType = image.png; path = ktv.png; sourceTree = "<group>"; };
		403433DE18E93FB500459FF5 /* star_empty.png */ = {isa = PBXFileReference; lastKnownFileType = image.png; path = star_empty.png; sourceTree = "<group>"; };
		403433DF18E93FB500459FF5 /* star_full.png */ = {isa = PBXFileReference; lastKnownFileType = image.png; path = star_full.png; sourceTree = "<group>"; };
		403433E018E93FB500459FF5 /* star_half.png */ = {isa = PBXFileReference; lastKnownFileType = image.png; path = star_half.png; sourceTree = "<group>"; };
		4040C67F18E3050300163066 /* Aurora.app */ = {isa = PBXFileReference; explicitFileType = wrapper.application; includeInIndex = 0; path = Aurora.app; sourceTree = BUILT_PRODUCTS_DIR; };
		4040C68218E3050300163066 /* Foundation.framework */ = {isa = PBXFileReference; lastKnownFileType = wrapper.framework; name = Foundation.framework; path = System/Library/Frameworks/Foundation.framework; sourceTree = SDKROOT; };
		4040C68418E3050300163066 /* CoreGraphics.framework */ = {isa = PBXFileReference; lastKnownFileType = wrapper.framework; name = CoreGraphics.framework; path = System/Library/Frameworks/CoreGraphics.framework; sourceTree = SDKROOT; };
		4040C68618E3050300163066 /* UIKit.framework */ = {isa = PBXFileReference; lastKnownFileType = wrapper.framework; name = UIKit.framework; path = System/Library/Frameworks/UIKit.framework; sourceTree = SDKROOT; };
		4040C68A18E3050300163066 /* Aurora-Info.plist */ = {isa = PBXFileReference; lastKnownFileType = text.plist.xml; path = "Aurora-Info.plist"; sourceTree = "<group>"; };
		4040C68C18E3050300163066 /* en */ = {isa = PBXFileReference; lastKnownFileType = text.plist.strings; name = en; path = en.lproj/InfoPlist.strings; sourceTree = "<group>"; };
		4040C68E18E3050300163066 /* main.m */ = {isa = PBXFileReference; lastKnownFileType = sourcecode.c.objc; path = main.m; sourceTree = "<group>"; };
		4040C69018E3050300163066 /* Aurora-Prefix.pch */ = {isa = PBXFileReference; lastKnownFileType = sourcecode.c.h; path = "Aurora-Prefix.pch"; sourceTree = "<group>"; };
		4040C69118E3050300163066 /* DFAppDelegate.h */ = {isa = PBXFileReference; lastKnownFileType = sourcecode.c.h; path = DFAppDelegate.h; sourceTree = "<group>"; };
		4040C69218E3050300163066 /* DFAppDelegate.m */ = {isa = PBXFileReference; lastKnownFileType = sourcecode.c.objc; path = DFAppDelegate.m; sourceTree = "<group>"; };
		4040C69718E3050300163066 /* DFViewController.h */ = {isa = PBXFileReference; lastKnownFileType = sourcecode.c.h; path = DFViewController.h; sourceTree = "<group>"; };
		4040C69818E3050300163066 /* DFViewController.m */ = {isa = PBXFileReference; lastKnownFileType = sourcecode.c.objc; path = DFViewController.m; sourceTree = "<group>"; };
		4040C69A18E3050300163066 /* Images.xcassets */ = {isa = PBXFileReference; lastKnownFileType = folder.assetcatalog; path = Images.xcassets; sourceTree = "<group>"; };
		4040C6A018E3050300163066 /* AuroraTests.xctest */ = {isa = PBXFileReference; explicitFileType = wrapper.cfbundle; includeInIndex = 0; path = AuroraTests.xctest; sourceTree = BUILT_PRODUCTS_DIR; };
		4040C6A118E3050300163066 /* XCTest.framework */ = {isa = PBXFileReference; lastKnownFileType = wrapper.framework; name = XCTest.framework; path = Library/Frameworks/XCTest.framework; sourceTree = DEVELOPER_DIR; };
		4040C6A918E3050300163066 /* AuroraTests-Info.plist */ = {isa = PBXFileReference; lastKnownFileType = text.plist.xml; path = "AuroraTests-Info.plist"; sourceTree = "<group>"; };
		4040C6AB18E3050300163066 /* en */ = {isa = PBXFileReference; lastKnownFileType = text.plist.strings; name = en; path = en.lproj/InfoPlist.strings; sourceTree = "<group>"; };
		4040C6AD18E3050300163066 /* AuroraTests.m */ = {isa = PBXFileReference; lastKnownFileType = sourcecode.c.objc; path = AuroraTests.m; sourceTree = "<group>"; };
		4040C6B918E3078C00163066 /* DFRegisterController.h */ = {isa = PBXFileReference; fileEncoding = 4; lastKnownFileType = sourcecode.c.h; path = DFRegisterController.h; sourceTree = "<group>"; };
		4040C6BA18E3078C00163066 /* DFRegisterController.m */ = {isa = PBXFileReference; fileEncoding = 4; lastKnownFileType = sourcecode.c.objc; path = DFRegisterController.m; sourceTree = "<group>"; };
		4040C6BB18E3078C00163066 /* DFReserveController.h */ = {isa = PBXFileReference; fileEncoding = 4; lastKnownFileType = sourcecode.c.h; path = DFReserveController.h; sourceTree = "<group>"; };
		4040C6BC18E3078C00163066 /* DFReserveController.m */ = {isa = PBXFileReference; fileEncoding = 4; lastKnownFileType = sourcecode.c.objc; path = DFReserveController.m; sourceTree = "<group>"; };
		4040C6BD18E3078C00163066 /* DFShopDetailController.h */ = {isa = PBXFileReference; fileEncoding = 4; lastKnownFileType = sourcecode.c.h; path = DFShopDetailController.h; sourceTree = "<group>"; };
		4040C6BE18E3078C00163066 /* DFShopDetailController.m */ = {isa = PBXFileReference; fileEncoding = 4; lastKnownFileType = sourcecode.c.objc; path = DFShopDetailController.m; sourceTree = "<group>"; };
		4040C6BF18E3078C00163066 /* DFBarListController.h */ = {isa = PBXFileReference; fileEncoding = 4; lastKnownFileType = sourcecode.c.h; path = DFBarListController.h; sourceTree = "<group>"; };
		4040C6C018E3078C00163066 /* DFBarListController.m */ = {isa = PBXFileReference; fileEncoding = 4; lastKnownFileType = sourcecode.c.objc; path = DFBarListController.m; sourceTree = "<group>"; };
		4040C6C118E3078C00163066 /* DFLoginController.h */ = {isa = PBXFileReference; fileEncoding = 4; lastKnownFileType = sourcecode.c.h; path = DFLoginController.h; sourceTree = "<group>"; };
		4040C6C218E3078C00163066 /* DFLoginController.m */ = {isa = PBXFileReference; fileEncoding = 4; lastKnownFileType = sourcecode.c.objc; path = DFLoginController.m; sourceTree = "<group>"; };
		4040C6C318E3078C00163066 /* MyPageControl.h */ = {isa = PBXFileReference; fileEncoding = 4; lastKnownFileType = sourcecode.c.h; path = MyPageControl.h; sourceTree = "<group>"; };
		4040C6C418E3078C00163066 /* MyPageControl.m */ = {isa = PBXFileReference; fileEncoding = 4; lastKnownFileType = sourcecode.c.objc; path = MyPageControl.m; sourceTree = "<group>"; };
		4040C6C518E3078C00163066 /* ViewController.h */ = {isa = PBXFileReference; fileEncoding = 4; lastKnownFileType = sourcecode.c.h; path = ViewController.h; sourceTree = "<group>"; };
		4040C6C618E3078C00163066 /* ViewController.m */ = {isa = PBXFileReference; fileEncoding = 4; lastKnownFileType = sourcecode.c.objc; path = ViewController.m; sourceTree = "<group>"; };
		4040C6C718E3078C00163066 /* ViewPager.h */ = {isa = PBXFileReference; fileEncoding = 4; lastKnownFileType = sourcecode.c.h; path = ViewPager.h; sourceTree = "<group>"; };
		4040C6C818E3078C00163066 /* ViewPager.m */ = {isa = PBXFileReference; fileEncoding = 4; lastKnownFileType = sourcecode.c.objc; path = ViewPager.m; sourceTree = "<group>"; };
		4040C6CB18E3078C00163066 /* EGOCache.h */ = {isa = PBXFileReference; fileEncoding = 4; lastKnownFileType = sourcecode.c.h; path = EGOCache.h; sourceTree = "<group>"; };
		4040C6CC18E3078C00163066 /* EGOCache.m */ = {isa = PBXFileReference; fileEncoding = 4; lastKnownFileType = sourcecode.c.objc; path = EGOCache.m; sourceTree = "<group>"; };
		4040C6CE18E3078C00163066 /* EGOImageButton.h */ = {isa = PBXFileReference; fileEncoding = 4; lastKnownFileType = sourcecode.c.h; path = EGOImageButton.h; sourceTree = "<group>"; };
		4040C6CF18E3078C00163066 /* EGOImageButton.m */ = {isa = PBXFileReference; fileEncoding = 4; lastKnownFileType = sourcecode.c.objc; path = EGOImageButton.m; sourceTree = "<group>"; };
		4040C6D118E3078C00163066 /* EGOImageLoadConnection.h */ = {isa = PBXFileReference; fileEncoding = 4; lastKnownFileType = sourcecode.c.h; path = EGOImageLoadConnection.h; sourceTree = "<group>"; };
		4040C6D218E3078C00163066 /* EGOImageLoadConnection.m */ = {isa = PBXFileReference; fileEncoding = 4; lastKnownFileType = sourcecode.c.objc; path = EGOImageLoadConnection.m; sourceTree = "<group>"; };
		4040C6D318E3078C00163066 /* EGOImageLoader.h */ = {isa = PBXFileReference; fileEncoding = 4; lastKnownFileType = sourcecode.c.h; path = EGOImageLoader.h; sourceTree = "<group>"; };
		4040C6D418E3078C00163066 /* EGOImageLoader.m */ = {isa = PBXFileReference; fileEncoding = 4; lastKnownFileType = sourcecode.c.objc; path = EGOImageLoader.m; sourceTree = "<group>"; };
		4040C6D618E3078C00163066 /* EGOImageView.h */ = {isa = PBXFileReference; fileEncoding = 4; lastKnownFileType = sourcecode.c.h; path = EGOImageView.h; sourceTree = "<group>"; };
		4040C6D718E3078C00163066 /* EGOImageView.m */ = {isa = PBXFileReference; fileEncoding = 4; lastKnownFileType = sourcecode.c.objc; path = EGOImageView.m; sourceTree = "<group>"; };
		4040C6D918E3078C00163066 /* RateView.h */ = {isa = PBXFileReference; fileEncoding = 4; lastKnownFileType = sourcecode.c.h; path = RateView.h; sourceTree = "<group>"; };
		4040C6DA18E3078C00163066 /* RateView.m */ = {isa = PBXFileReference; fileEncoding = 4; lastKnownFileType = sourcecode.c.objc; path = RateView.m; sourceTree = "<group>"; };
		4040C6EA18E3079700163066 /* blackArrow.png */ = {isa = PBXFileReference; lastKnownFileType = image.png; path = blackArrow.png; sourceTree = "<group>"; };
		4040C6EB18E3079700163066 /* blackArrow@2x.png */ = {isa = PBXFileReference; lastKnownFileType = image.png; path = "blackArrow@2x.png"; sourceTree = "<group>"; };
		4040C6EC18E3079700163066 /* blueArrow.png */ = {isa = PBXFileReference; lastKnownFileType = image.png; path = blueArrow.png; sourceTree = "<group>"; };
		4040C6ED18E3079700163066 /* blueArrow@2x.png */ = {isa = PBXFileReference; lastKnownFileType = image.png; path = "blueArrow@2x.png"; sourceTree = "<group>"; };
		4040C6EE18E3079700163066 /* grayArrow.png */ = {isa = PBXFileReference; lastKnownFileType = image.png; path = grayArrow.png; sourceTree = "<group>"; };
		4040C6EF18E3079700163066 /* grayArrow@2x.png */ = {isa = PBXFileReference; lastKnownFileType = image.png; path = "grayArrow@2x.png"; sourceTree = "<group>"; };
		4040C6F018E3079700163066 /* image1.jpg */ = {isa = PBXFileReference; lastKnownFileType = image.jpeg; path = image1.jpg; sourceTree = "<group>"; };
		4040C6F118E3079700163066 /* image2.jpg */ = {isa = PBXFileReference; lastKnownFileType = image.jpeg; path = image2.jpg; sourceTree = "<group>"; };
		4040C6F218E3079700163066 /* image3.jpg */ = {isa = PBXFileReference; lastKnownFileType = image.jpeg; path = image3.jpg; sourceTree = "<group>"; };
		4040C6F318E3079800163066 /* image4.jpg */ = {isa = PBXFileReference; lastKnownFileType = image.jpeg; path = image4.jpg; sourceTree = "<group>"; };
		4040C6F818E3079800163066 /* nav_trans_bg.png */ = {isa = PBXFileReference; lastKnownFileType = image.png; path = nav_trans_bg.png; sourceTree = "<group>"; };
		4040C6F918E3079800163066 /* shopIcon.png */ = {isa = PBXFileReference; lastKnownFileType = image.png; path = shopIcon.png; sourceTree = "<group>"; };
		4040C6FA18E3079800163066 /* whiteArrow.png */ = {isa = PBXFileReference; lastKnownFileType = image.png; path = whiteArrow.png; sourceTree = "<group>"; };
		4040C6FB18E3079800163066 /* whiteArrow@2x.png */ = {isa = PBXFileReference; lastKnownFileType = image.png; path = "whiteArrow@2x.png"; sourceTree = "<group>"; };
		4040C70F18E307D500163066 /* Base */ = {isa = PBXFileReference; lastKnownFileType = file.storyboard; name = Base; path = Base.lproj/MainStoryboard_iPhone.storyboard; sourceTree = "<group>"; };
		4043548818F82F7B003F6542 /* DFShop.h */ = {isa = PBXFileReference; fileEncoding = 4; lastKnownFileType = sourcecode.c.h; path = DFShop.h; sourceTree = "<group>"; };
		4043548918F82F7B003F6542 /* DFShop.m */ = {isa = PBXFileReference; fileEncoding = 4; lastKnownFileType = sourcecode.c.objc; path = DFShop.m; sourceTree = "<group>"; };
		40483D7118EC61BD0040116A /* DFRootTabBarController.h */ = {isa = PBXFileReference; fileEncoding = 4; lastKnownFileType = sourcecode.c.h; path = DFRootTabBarController.h; sourceTree = "<group>"; };
		40483D7218EC61BD0040116A /* DFRootTabBarController.m */ = {isa = PBXFileReference; fileEncoding = 4; lastKnownFileType = sourcecode.c.objc; path = DFRootTabBarController.m; sourceTree = "<group>"; };
		40AC793C18F034B0004B63C3 /* DFQualificationController.h */ = {isa = PBXFileReference; fileEncoding = 4; lastKnownFileType = sourcecode.c.h; path = DFQualificationController.h; sourceTree = "<group>"; };
		40AC793D18F034B0004B63C3 /* DFQualificationController.m */ = {isa = PBXFileReference; fileEncoding = 4; lastKnownFileType = sourcecode.c.objc; path = DFQualificationController.m; sourceTree = "<group>"; };
		40B3E27518F43CB300472C1F /* DFUser.h */ = {isa = PBXFileReference; fileEncoding = 4; lastKnownFileType = sourcecode.c.h; path = DFUser.h; sourceTree = "<group>"; };
		40B3E27618F43CB300472C1F /* DFUser.m */ = {isa = PBXFileReference; fileEncoding = 4; lastKnownFileType = sourcecode.c.objc; path = DFUser.m; sourceTree = "<group>"; };
		40B3E27818F4471500472C1F /* DFOderDealController.h */ = {isa = PBXFileReference; fileEncoding = 4; lastKnownFileType = sourcecode.c.h; path = DFOderDealController.h; sourceTree = "<group>"; };
		40B3E27918F4471500472C1F /* DFOderDealController.m */ = {isa = PBXFileReference; fileEncoding = 4; lastKnownFileType = sourcecode.c.objc; path = DFOderDealController.m; sourceTree = "<group>"; };
		40BFAE8718EEE3FC001C6767 /* DFPSOrderListController.h */ = {isa = PBXFileReference; fileEncoding = 4; lastKnownFileType = sourcecode.c.h; path = DFPSOrderListController.h; sourceTree = "<group>"; };
		40BFAE8818EEE3FC001C6767 /* DFPSOrderListController.m */ = {isa = PBXFileReference; fileEncoding = 4; lastKnownFileType = sourcecode.c.objc; path = DFPSOrderListController.m; sourceTree = "<group>"; };
		40BFAE8A18EEE419001C6767 /* DFMGOrderListController.h */ = {isa = PBXFileReference; fileEncoding = 4; lastKnownFileType = sourcecode.c.h; path = DFMGOrderListController.h; sourceTree = "<group>"; };
		40BFAE8B18EEE419001C6767 /* DFMGOrderListController.m */ = {isa = PBXFileReference; fileEncoding = 4; lastKnownFileType = sourcecode.c.objc; path = DFMGOrderListController.m; sourceTree = "<group>"; };
		40BFAE9218EF0062001C6767 /* DFUserOrder.h */ = {isa = PBXFileReference; fileEncoding = 4; lastKnownFileType = sourcecode.c.h; path = DFUserOrder.h; sourceTree = "<group>"; };
		40BFAE9318EF0062001C6767 /* DFUserOrder.m */ = {isa = PBXFileReference; fileEncoding = 4; lastKnownFileType = sourcecode.c.objc; path = DFUserOrder.m; sourceTree = "<group>"; };
		40D2DB6318FBAFEC000DA952 /* DFKTVListController.h */ = {isa = PBXFileReference; fileEncoding = 4; lastKnownFileType = sourcecode.c.h; path = DFKTVListController.h; sourceTree = "<group>"; };
		40D2DB6418FBAFEC000DA952 /* DFKTVListController.m */ = {isa = PBXFileReference; fileEncoding = 4; lastKnownFileType = sourcecode.c.objc; path = DFKTVListController.m; sourceTree = "<group>"; };
		40D2DB6618FBB024000DA952 /* DFChamberListController.h */ = {isa = PBXFileReference; fileEncoding = 4; lastKnownFileType = sourcecode.c.h; path = DFChamberListController.h; sourceTree = "<group>"; };
		40D2DB6718FBB024000DA952 /* DFChamberListController.m */ = {isa = PBXFileReference; fileEncoding = 4; lastKnownFileType = sourcecode.c.objc; path = DFChamberListController.m; sourceTree = "<group>"; };
/* End PBXFileReference section */

/* Begin PBXFrameworksBuildPhase section */
		4040C67C18E3050300163066 /* Frameworks */ = {
			isa = PBXFrameworksBuildPhase;
			buildActionMask = 2147483647;
			files = (
				4040C68518E3050300163066 /* CoreGraphics.framework in Frameworks */,
				4040C68718E3050300163066 /* UIKit.framework in Frameworks */,
				4040C68318E3050300163066 /* Foundation.framework in Frameworks */,
			);
			runOnlyForDeploymentPostprocessing = 0;
		};
		4040C69D18E3050300163066 /* Frameworks */ = {
			isa = PBXFrameworksBuildPhase;
			buildActionMask = 2147483647;
			files = (
				4040C6A218E3050300163066 /* XCTest.framework in Frameworks */,
				4040C6A418E3050300163066 /* UIKit.framework in Frameworks */,
				4040C6A318E3050300163066 /* Foundation.framework in Frameworks */,
			);
			runOnlyForDeploymentPostprocessing = 0;
		};
/* End PBXFrameworksBuildPhase section */

/* Begin PBXGroup section */
		4040C67618E3050300163066 = {
			isa = PBXGroup;
			children = (
				4040C68818E3050300163066 /* Aurora */,
				4040C6A718E3050300163066 /* AuroraTests */,
				4040C68118E3050300163066 /* Frameworks */,
				4040C68018E3050300163066 /* Products */,
			);
			sourceTree = "<group>";
		};
		4040C68018E3050300163066 /* Products */ = {
			isa = PBXGroup;
			children = (
				4040C67F18E3050300163066 /* Aurora.app */,
				4040C6A018E3050300163066 /* AuroraTests.xctest */,
			);
			name = Products;
			sourceTree = "<group>";
		};
		4040C68118E3050300163066 /* Frameworks */ = {
			isa = PBXGroup;
			children = (
				4040C68218E3050300163066 /* Foundation.framework */,
				4040C68418E3050300163066 /* CoreGraphics.framework */,
				4040C68618E3050300163066 /* UIKit.framework */,
				4040C6A118E3050300163066 /* XCTest.framework */,
			);
			name = Frameworks;
			sourceTree = "<group>";
		};
		4040C68818E3050300163066 /* Aurora */ = {
			isa = PBXGroup;
			children = (
				4040C70E18E307D500163066 /* MainStoryboard_iPhone.storyboard */,
				4040C6E918E3079700163066 /* Images */,
				4040C6B718E3078C00163066 /* Classes */,
				4040C69118E3050300163066 /* DFAppDelegate.h */,
				4040C69218E3050300163066 /* DFAppDelegate.m */,
				4040C69718E3050300163066 /* DFViewController.h */,
				4040C69818E3050300163066 /* DFViewController.m */,
				4040C69A18E3050300163066 /* Images.xcassets */,
				4040C68918E3050300163066 /* Supporting Files */,
			);
			path = Aurora;
			sourceTree = "<group>";
		};
		4040C68918E3050300163066 /* Supporting Files */ = {
			isa = PBXGroup;
			children = (
				4040C68A18E3050300163066 /* Aurora-Info.plist */,
				4040C68B18E3050300163066 /* InfoPlist.strings */,
				4040C68E18E3050300163066 /* main.m */,
				4040C69018E3050300163066 /* Aurora-Prefix.pch */,
			);
			name = "Supporting Files";
			sourceTree = "<group>";
		};
		4040C6A718E3050300163066 /* AuroraTests */ = {
			isa = PBXGroup;
			children = (
				4040C6AD18E3050300163066 /* AuroraTests.m */,
				4040C6A818E3050300163066 /* Supporting Files */,
			);
			path = AuroraTests;
			sourceTree = "<group>";
		};
		4040C6A818E3050300163066 /* Supporting Files */ = {
			isa = PBXGroup;
			children = (
				4040C6A918E3050300163066 /* AuroraTests-Info.plist */,
				4040C6AA18E3050300163066 /* InfoPlist.strings */,
			);
			name = "Supporting Files";
			sourceTree = "<group>";
		};
		4040C6B718E3078C00163066 /* Classes */ = {
			isa = PBXGroup;
			children = (
				40BFAE9118EF003E001C6767 /* Model */,
				4040C6B818E3078C00163066 /* Controller */,
				4040C6C918E3078C00163066 /* ImageCache */,
				4040C6D818E3078C00163066 /* RatingBar */,
				4030EA9218EDA48700EDE552 /* DFGlobalVar.h */,
				4030EA9318EDA48700EDE552 /* DFGlobalVar.m */,
			);
			path = Classes;
			sourceTree = "<group>";
		};
		4040C6B818E3078C00163066 /* Controller */ = {
			isa = PBXGroup;
			children = (
				4040C6B918E3078C00163066 /* DFRegisterController.h */,
				4040C6BA18E3078C00163066 /* DFRegisterController.m */,
				4040C6BB18E3078C00163066 /* DFReserveController.h */,
				4040C6BC18E3078C00163066 /* DFReserveController.m */,
				4040C6BD18E3078C00163066 /* DFShopDetailController.h */,
				4040C6BE18E3078C00163066 /* DFShopDetailController.m */,
				4040C6BF18E3078C00163066 /* DFBarListController.h */,
				4040C6C018E3078C00163066 /* DFBarListController.m */,
				4040C6C118E3078C00163066 /* DFLoginController.h */,
				4040C6C218E3078C00163066 /* DFLoginController.m */,
				4040C6C318E3078C00163066 /* MyPageControl.h */,
				4040C6C418E3078C00163066 /* MyPageControl.m */,
				4040C6C518E3078C00163066 /* ViewController.h */,
				4040C6C618E3078C00163066 /* ViewController.m */,
				4040C6C718E3078C00163066 /* ViewPager.h */,
				4040C6C818E3078C00163066 /* ViewPager.m */,
				40483D7118EC61BD0040116A /* DFRootTabBarController.h */,
				40483D7218EC61BD0040116A /* DFRootTabBarController.m */,
				4030EA9518EDA98B00EDE552 /* DFUserCenterController.h */,
				4030EA9618EDA98B00EDE552 /* DFUserCenterController.m */,
				4030EA9818EDA9A500EDE552 /* DFPersonalCenterController.h */,
				4030EA9918EDA9A500EDE552 /* DFPersonalCenterController.m */,
				40BFAE8718EEE3FC001C6767 /* DFPSOrderListController.h */,
				40BFAE8818EEE3FC001C6767 /* DFPSOrderListController.m */,
				40BFAE8A18EEE419001C6767 /* DFMGOrderListController.h */,
				40BFAE8B18EEE419001C6767 /* DFMGOrderListController.m */,
				40AC793C18F034B0004B63C3 /* DFQualificationController.h */,
				40AC793D18F034B0004B63C3 /* DFQualificationController.m */,
				40B3E27818F4471500472C1F /* DFOderDealController.h */,
				40B3E27918F4471500472C1F /* DFOderDealController.m */,
				40D2DB6318FBAFEC000DA952 /* DFKTVListController.h */,
				40D2DB6418FBAFEC000DA952 /* DFKTVListController.m */,
				40D2DB6618FBB024000DA952 /* DFChamberListController.h */,
				40D2DB6718FBB024000DA952 /* DFChamberListController.m */,
			);
			path = Controller;
			sourceTree = "<group>";
		};
		4040C6C918E3078C00163066 /* ImageCache */ = {
			isa = PBXGroup;
			children = (
				4040C6CA18E3078C00163066 /* EGOCache */,
				4040C6CD18E3078C00163066 /* EGOImageButton */,
				4040C6D018E3078C00163066 /* EGOImageLoader */,
				4040C6D518E3078C00163066 /* EGOImageView */,
			);
			path = ImageCache;
			sourceTree = "<group>";
		};
		4040C6CA18E3078C00163066 /* EGOCache */ = {
			isa = PBXGroup;
			children = (
				4040C6CB18E3078C00163066 /* EGOCache.h */,
				4040C6CC18E3078C00163066 /* EGOCache.m */,
			);
			path = EGOCache;
			sourceTree = "<group>";
		};
		4040C6CD18E3078C00163066 /* EGOImageButton */ = {
			isa = PBXGroup;
			children = (
				4040C6CE18E3078C00163066 /* EGOImageButton.h */,
				4040C6CF18E3078C00163066 /* EGOImageButton.m */,
			);
			path = EGOImageButton;
			sourceTree = "<group>";
		};
		4040C6D018E3078C00163066 /* EGOImageLoader */ = {
			isa = PBXGroup;
			children = (
				4040C6D118E3078C00163066 /* EGOImageLoadConnection.h */,
				4040C6D218E3078C00163066 /* EGOImageLoadConnection.m */,
				4040C6D318E3078C00163066 /* EGOImageLoader.h */,
				4040C6D418E3078C00163066 /* EGOImageLoader.m */,
			);
			path = EGOImageLoader;
			sourceTree = "<group>";
		};
		4040C6D518E3078C00163066 /* EGOImageView */ = {
			isa = PBXGroup;
			children = (
				4040C6D618E3078C00163066 /* EGOImageView.h */,
				4040C6D718E3078C00163066 /* EGOImageView.m */,
			);
			path = EGOImageView;
			sourceTree = "<group>";
		};
		4040C6D818E3078C00163066 /* RatingBar */ = {
			isa = PBXGroup;
			children = (
				4040C6D918E3078C00163066 /* RateView.h */,
				4040C6DA18E3078C00163066 /* RateView.m */,
			);
			path = RatingBar;
			sourceTree = "<group>";
		};
		4040C6E918E3079700163066 /* Images */ = {
			isa = PBXGroup;
			children = (
				403433DE18E93FB500459FF5 /* star_empty.png */,
				403433DF18E93FB500459FF5 /* star_full.png */,
				403433E018E93FB500459FF5 /* star_half.png */,
				403433D018E9318B00459FF5 /* ktv.png */,
				403433CC18E9309100459FF5 /* chamber.png */,
				403433CD18E9309100459FF5 /* person.png */,
				403433CA18E91BF700459FF5 /* bar.png */,
				4040C6EA18E3079700163066 /* blackArrow.png */,
				4040C6EB18E3079700163066 /* blackArrow@2x.png */,
				4040C6EC18E3079700163066 /* blueArrow.png */,
				4040C6ED18E3079700163066 /* blueArrow@2x.png */,
				4040C6EE18E3079700163066 /* grayArrow.png */,
				4040C6EF18E3079700163066 /* grayArrow@2x.png */,
				4040C6F018E3079700163066 /* image1.jpg */,
				4040C6F118E3079700163066 /* image2.jpg */,
				4040C6F218E3079700163066 /* image3.jpg */,
				4040C6F318E3079800163066 /* image4.jpg */,
				4040C6F818E3079800163066 /* nav_trans_bg.png */,
				4040C6F918E3079800163066 /* shopIcon.png */,
				4040C6FA18E3079800163066 /* whiteArrow.png */,
				4040C6FB18E3079800163066 /* whiteArrow@2x.png */,
			);
			path = Images;
			sourceTree = "<group>";
		};
		40BFAE9118EF003E001C6767 /* Model */ = {
			isa = PBXGroup;
			children = (
				40BFAE9218EF0062001C6767 /* DFUserOrder.h */,
				40BFAE9318EF0062001C6767 /* DFUserOrder.m */,
				40B3E27518F43CB300472C1F /* DFUser.h */,
				40B3E27618F43CB300472C1F /* DFUser.m */,
				4043548818F82F7B003F6542 /* DFShop.h */,
				4043548918F82F7B003F6542 /* DFShop.m */,
			);
			path = Model;
			sourceTree = "<group>";
		};
/* End PBXGroup section */

/* Begin PBXNativeTarget section */
		4040C67E18E3050300163066 /* Aurora */ = {
			isa = PBXNativeTarget;
			buildConfigurationList = 4040C6B118E3050300163066 /* Build configuration list for PBXNativeTarget "Aurora" */;
			buildPhases = (
				4040C67B18E3050300163066 /* Sources */,
				4040C67C18E3050300163066 /* Frameworks */,
				4040C67D18E3050300163066 /* Resources */,
			);
			buildRules = (
			);
			dependencies = (
			);
			name = Aurora;
			productName = Aurora;
			productReference = 4040C67F18E3050300163066 /* Aurora.app */;
			productType = "com.apple.product-type.application";
		};
		4040C69F18E3050300163066 /* AuroraTests */ = {
			isa = PBXNativeTarget;
			buildConfigurationList = 4040C6B418E3050300163066 /* Build configuration list for PBXNativeTarget "AuroraTests" */;
			buildPhases = (
				4040C69C18E3050300163066 /* Sources */,
				4040C69D18E3050300163066 /* Frameworks */,
				4040C69E18E3050300163066 /* Resources */,
			);
			buildRules = (
			);
			dependencies = (
				4040C6A618E3050300163066 /* PBXTargetDependency */,
			);
			name = AuroraTests;
			productName = AuroraTests;
			productReference = 4040C6A018E3050300163066 /* AuroraTests.xctest */;
			productType = "com.apple.product-type.bundle.unit-test";
		};
/* End PBXNativeTarget section */

/* Begin PBXProject section */
		4040C67718E3050300163066 /* Project object */ = {
			isa = PBXProject;
			attributes = {
				CLASSPREFIX = DF;
				LastUpgradeCheck = 0510;
				ORGANIZATIONNAME = david;
				TargetAttributes = {
					4040C69F18E3050300163066 = {
						TestTargetID = 4040C67E18E3050300163066;
					};
				};
			};
			buildConfigurationList = 4040C67A18E3050300163066 /* Build configuration list for PBXProject "Aurora" */;
			compatibilityVersion = "Xcode 3.2";
			developmentRegion = English;
			hasScannedForEncodings = 0;
			knownRegions = (
				en,
				Base,
			);
			mainGroup = 4040C67618E3050300163066;
			productRefGroup = 4040C68018E3050300163066 /* Products */;
			projectDirPath = "";
			projectRoot = "";
			targets = (
				4040C67E18E3050300163066 /* Aurora */,
				4040C69F18E3050300163066 /* AuroraTests */,
			);
		};
/* End PBXProject section */

/* Begin PBXResourcesBuildPhase section */
		4040C67D18E3050300163066 /* Resources */ = {
			isa = PBXResourcesBuildPhase;
			buildActionMask = 2147483647;
			files = (
				4040C70318E3079800163066 /* image2.jpg in Resources */,
				4040C69B18E3050300163066 /* Images.xcassets in Resources */,
				4040C70D18E3079800163066 /* whiteArrow@2x.png in Resources */,
				4040C71018E307D500163066 /* MainStoryboard_iPhone.storyboard in Resources */,
				4040C70C18E3079800163066 /* whiteArrow.png in Resources */,
				403433CF18E9309100459FF5 /* person.png in Resources */,
				4040C70218E3079800163066 /* image1.jpg in Resources */,
				4040C70418E3079800163066 /* image3.jpg in Resources */,
				4040C6FC18E3079800163066 /* blackArrow.png in Resources */,
				4040C68D18E3050300163066 /* InfoPlist.strings in Resources */,
				4040C70118E3079800163066 /* grayArrow@2x.png in Resources */,
				403433E118E93FB600459FF5 /* star_empty.png in Resources */,
				403433CE18E9309100459FF5 /* chamber.png in Resources */,
				4040C70A18E3079800163066 /* nav_trans_bg.png in Resources */,
				403433D118E9318B00459FF5 /* ktv.png in Resources */,
				4040C70518E3079800163066 /* image4.jpg in Resources */,
				4040C6FF18E3079800163066 /* blueArrow@2x.png in Resources */,
				4040C70B18E3079800163066 /* shopIcon.png in Resources */,
				403433E218E93FB600459FF5 /* star_full.png in Resources */,
				4040C6FE18E3079800163066 /* blueArrow.png in Resources */,
				403433E318E93FB600459FF5 /* star_half.png in Resources */,
				4040C6FD18E3079800163066 /* blackArrow@2x.png in Resources */,
				403433CB18E91BF700459FF5 /* bar.png in Resources */,
				4040C70018E3079800163066 /* grayArrow.png in Resources */,
			);
			runOnlyForDeploymentPostprocessing = 0;
		};
		4040C69E18E3050300163066 /* Resources */ = {
			isa = PBXResourcesBuildPhase;
			buildActionMask = 2147483647;
			files = (
				4040C6AC18E3050300163066 /* InfoPlist.strings in Resources */,
			);
			runOnlyForDeploymentPostprocessing = 0;
		};
/* End PBXResourcesBuildPhase section */

/* Begin PBXSourcesBuildPhase section */
		4040C67B18E3050300163066 /* Sources */ = {
			isa = PBXSourcesBuildPhase;
			buildActionMask = 2147483647;
			files = (
				4040C6DC18E3078C00163066 /* DFReserveController.m in Sources */,
				4040C6DB18E3078C00163066 /* DFRegisterController.m in Sources */,
				4040C6E718E3078C00163066 /* EGOImageView.m in Sources */,
				4030EA9418EDA48700EDE552 /* DFGlobalVar.m in Sources */,
				4040C69318E3050300163066 /* DFAppDelegate.m in Sources */,
				4030EA9718EDA98B00EDE552 /* DFUserCenterController.m in Sources */,
				4040C6E818E3078C00163066 /* RateView.m in Sources */,
				4040C69918E3050300163066 /* DFViewController.m in Sources */,
				4030EA9A18EDA9A500EDE552 /* DFPersonalCenterController.m in Sources */,
				40D2DB6518FBAFEC000DA952 /* DFKTVListController.m in Sources */,
				4040C6E118E3078C00163066 /* ViewController.m in Sources */,
				4040C6E418E3078C00163066 /* EGOImageButton.m in Sources */,
				4040C6DF18E3078C00163066 /* DFLoginController.m in Sources */,
				40BFAE8C18EEE419001C6767 /* DFMGOrderListController.m in Sources */,
				40BFAE9418EF0062001C6767 /* DFUserOrder.m in Sources */,
				4040C6E218E3078C00163066 /* ViewPager.m in Sources */,
				4043548A18F82F7B003F6542 /* DFShop.m in Sources */,
				4040C6DE18E3078C00163066 /* DFBarListController.m in Sources */,
				40483D7318EC61BD0040116A /* DFRootTabBarController.m in Sources */,
				40B3E27A18F4471500472C1F /* DFOderDealController.m in Sources */,
				4040C6E318E3078C00163066 /* EGOCache.m in Sources */,
				4040C6DD18E3078C00163066 /* DFShopDetailController.m in Sources */,
				40AC793E18F034B0004B63C3 /* DFQualificationController.m in Sources */,
				4040C6E518E3078C00163066 /* EGOImageLoadConnection.m in Sources */,
				4040C68F18E3050300163066 /* main.m in Sources */,
				40BFAE8918EEE3FC001C6767 /* DFPSOrderListController.m in Sources */,
				40D2DB6818FBB024000DA952 /* DFChamberListController.m in Sources */,
				4040C6E018E3078C00163066 /* MyPageControl.m in Sources */,
				40B3E27718F43CB300472C1F /* DFUser.m in Sources */,
				4040C6E618E3078C00163066 /* EGOImageLoader.m in Sources */,
			);
			runOnlyForDeploymentPostprocessing = 0;
		};
		4040C69C18E3050300163066 /* Sources */ = {
			isa = PBXSourcesBuildPhase;
			buildActionMask = 2147483647;
			files = (
				4040C6AE18E3050300163066 /* AuroraTests.m in Sources */,
			);
			runOnlyForDeploymentPostprocessing = 0;
		};
/* End PBXSourcesBuildPhase section */

/* Begin PBXTargetDependency section */
		4040C6A618E3050300163066 /* PBXTargetDependency */ = {
			isa = PBXTargetDependency;
			target = 4040C67E18E3050300163066 /* Aurora */;
			targetProxy = 4040C6A518E3050300163066 /* PBXContainerItemProxy */;
		};
/* End PBXTargetDependency section */

/* Begin PBXVariantGroup section */
		4040C68B18E3050300163066 /* InfoPlist.strings */ = {
			isa = PBXVariantGroup;
			children = (
				4040C68C18E3050300163066 /* en */,
			);
			name = InfoPlist.strings;
			sourceTree = "<group>";
		};
		4040C6AA18E3050300163066 /* InfoPlist.strings */ = {
			isa = PBXVariantGroup;
			children = (
				4040C6AB18E3050300163066 /* en */,
			);
			name = InfoPlist.strings;
			sourceTree = "<group>";
		};
		4040C70E18E307D500163066 /* MainStoryboard_iPhone.storyboard */ = {
			isa = PBXVariantGroup;
			children = (
				4040C70F18E307D500163066 /* Base */,
			);
			name = MainStoryboard_iPhone.storyboard;
			sourceTree = "<group>";
		};
/* End PBXVariantGroup section */

/* Begin XCBuildConfiguration section */
		4040C6AF18E3050300163066 /* Debug */ = {
			isa = XCBuildConfiguration;
			buildSettings = {
				ALWAYS_SEARCH_USER_PATHS = NO;
				CLANG_CXX_LANGUAGE_STANDARD = "gnu++0x";
				CLANG_CXX_LIBRARY = "libc++";
				CLANG_ENABLE_MODULES = YES;
				CLANG_ENABLE_OBJC_ARC = YES;
				CLANG_WARN_BOOL_CONVERSION = YES;
				CLANG_WARN_CONSTANT_CONVERSION = YES;
				CLANG_WARN_DIRECT_OBJC_ISA_USAGE = YES_ERROR;
				CLANG_WARN_EMPTY_BODY = YES;
				CLANG_WARN_ENUM_CONVERSION = YES;
				CLANG_WARN_INT_CONVERSION = YES;
				CLANG_WARN_OBJC_ROOT_CLASS = YES_ERROR;
				CLANG_WARN__DUPLICATE_METHOD_MATCH = YES;
				"CODE_SIGN_IDENTITY[sdk=iphoneos*]" = "iPhone Developer";
				COPY_PHASE_STRIP = NO;
				GCC_C_LANGUAGE_STANDARD = gnu99;
				GCC_DYNAMIC_NO_PIC = NO;
				GCC_OPTIMIZATION_LEVEL = 0;
				GCC_PREPROCESSOR_DEFINITIONS = (
					"DEBUG=1",
					"$(inherited)",
				);
				GCC_SYMBOLS_PRIVATE_EXTERN = NO;
				GCC_WARN_64_TO_32_BIT_CONVERSION = YES;
				GCC_WARN_ABOUT_RETURN_TYPE = YES_ERROR;
				GCC_WARN_UNDECLARED_SELECTOR = YES;
				GCC_WARN_UNINITIALIZED_AUTOS = YES_AGGRESSIVE;
				GCC_WARN_UNUSED_FUNCTION = YES;
				GCC_WARN_UNUSED_VARIABLE = YES;
				IPHONEOS_DEPLOYMENT_TARGET = 7.1;
				ONLY_ACTIVE_ARCH = YES;
				SDKROOT = iphoneos;
			};
			name = Debug;
		};
		4040C6B018E3050300163066 /* Release */ = {
			isa = XCBuildConfiguration;
			buildSettings = {
				ALWAYS_SEARCH_USER_PATHS = NO;
				CLANG_CXX_LANGUAGE_STANDARD = "gnu++0x";
				CLANG_CXX_LIBRARY = "libc++";
				CLANG_ENABLE_MODULES = YES;
				CLANG_ENABLE_OBJC_ARC = YES;
				CLANG_WARN_BOOL_CONVERSION = YES;
				CLANG_WARN_CONSTANT_CONVERSION = YES;
				CLANG_WARN_DIRECT_OBJC_ISA_USAGE = YES_ERROR;
				CLANG_WARN_EMPTY_BODY = YES;
				CLANG_WARN_ENUM_CONVERSION = YES;
				CLANG_WARN_INT_CONVERSION = YES;
				CLANG_WARN_OBJC_ROOT_CLASS = YES_ERROR;
				CLANG_WARN__DUPLICATE_METHOD_MATCH = YES;
				"CODE_SIGN_IDENTITY[sdk=iphoneos*]" = "iPhone Developer";
				COPY_PHASE_STRIP = YES;
				ENABLE_NS_ASSERTIONS = NO;
				GCC_C_LANGUAGE_STANDARD = gnu99;
				GCC_WARN_64_TO_32_BIT_CONVERSION = YES;
				GCC_WARN_ABOUT_RETURN_TYPE = YES_ERROR;
				GCC_WARN_UNDECLARED_SELECTOR = YES;
				GCC_WARN_UNINITIALIZED_AUTOS = YES_AGGRESSIVE;
				GCC_WARN_UNUSED_FUNCTION = YES;
				GCC_WARN_UNUSED_VARIABLE = YES;
				IPHONEOS_DEPLOYMENT_TARGET = 7.1;
				SDKROOT = iphoneos;
				VALIDATE_PRODUCT = YES;
			};
			name = Release;
		};
		4040C6B218E3050300163066 /* Debug */ = {
			isa = XCBuildConfiguration;
			buildSettings = {
				ASSETCATALOG_COMPILER_APPICON_NAME = AppIcon;
				ASSETCATALOG_COMPILER_LAUNCHIMAGE_NAME = LaunchImage;
				GCC_PRECOMPILE_PREFIX_HEADER = YES;
				GCC_PREFIX_HEADER = "Aurora/Aurora-Prefix.pch";
				INFOPLIST_FILE = "Aurora/Aurora-Info.plist";
				PRODUCT_NAME = "$(TARGET_NAME)";
				WRAPPER_EXTENSION = app;
			};
			name = Debug;
		};
		4040C6B318E3050300163066 /* Release */ = {
			isa = XCBuildConfiguration;
			buildSettings = {
				ASSETCATALOG_COMPILER_APPICON_NAME = AppIcon;
				ASSETCATALOG_COMPILER_LAUNCHIMAGE_NAME = LaunchImage;
				GCC_PRECOMPILE_PREFIX_HEADER = YES;
				GCC_PREFIX_HEADER = "Aurora/Aurora-Prefix.pch";
				INFOPLIST_FILE = "Aurora/Aurora-Info.plist";
				PRODUCT_NAME = "$(TARGET_NAME)";
				WRAPPER_EXTENSION = app;
			};
			name = Release;
		};
		4040C6B518E3050300163066 /* Debug */ = {
			isa = XCBuildConfiguration;
			buildSettings = {
				BUNDLE_LOADER = "$(BUILT_PRODUCTS_DIR)/Aurora.app/Aurora";
				FRAMEWORK_SEARCH_PATHS = (
					"$(SDKROOT)/Developer/Library/Frameworks",
					"$(inherited)",
					"$(DEVELOPER_FRAMEWORKS_DIR)",
				);
				GCC_PRECOMPILE_PREFIX_HEADER = YES;
				GCC_PREFIX_HEADER = "Aurora/Aurora-Prefix.pch";
				GCC_PREPROCESSOR_DEFINITIONS = (
					"DEBUG=1",
					"$(inherited)",
				);
				INFOPLIST_FILE = "AuroraTests/AuroraTests-Info.plist";
				PRODUCT_NAME = "$(TARGET_NAME)";
				TEST_HOST = "$(BUNDLE_LOADER)";
				WRAPPER_EXTENSION = xctest;
			};
			name = Debug;
		};
		4040C6B618E3050300163066 /* Release */ = {
			isa = XCBuildConfiguration;
			buildSettings = {
				BUNDLE_LOADER = "$(BUILT_PRODUCTS_DIR)/Aurora.app/Aurora";
				FRAMEWORK_SEARCH_PATHS = (
					"$(SDKROOT)/Developer/Library/Frameworks",
					"$(inherited)",
					"$(DEVELOPER_FRAMEWORKS_DIR)",
				);
				GCC_PRECOMPILE_PREFIX_HEADER = YES;
				GCC_PREFIX_HEADER = "Aurora/Aurora-Prefix.pch";
				INFOPLIST_FILE = "AuroraTests/AuroraTests-Info.plist";
				PRODUCT_NAME = "$(TARGET_NAME)";
				TEST_HOST = "$(BUNDLE_LOADER)";
				WRAPPER_EXTENSION = xctest;
			};
			name = Release;
		};
/* End XCBuildConfiguration section */

/* Begin XCConfigurationList section */
		4040C67A18E3050300163066 /* Build configuration list for PBXProject "Aurora" */ = {
			isa = XCConfigurationList;
			buildConfigurations = (
				4040C6AF18E3050300163066 /* Debug */,
				4040C6B018E3050300163066 /* Release */,
			);
			defaultConfigurationIsVisible = 0;
			defaultConfigurationName = Release;
		};
		4040C6B118E3050300163066 /* Build configuration list for PBXNativeTarget "Aurora" */ = {
			isa = XCConfigurationList;
			buildConfigurations = (
				4040C6B218E3050300163066 /* Debug */,
				4040C6B318E3050300163066 /* Release */,
			);
			defaultConfigurationIsVisible = 0;
			defaultConfigurationName = Release;
		};
		4040C6B418E3050300163066 /* Build configuration list for PBXNativeTarget "AuroraTests" */ = {
			isa = XCConfigurationList;
			buildConfigurations = (
				4040C6B518E3050300163066 /* Debug */,
				4040C6B618E3050300163066 /* Release */,
			);
			defaultConfigurationIsVisible = 0;
			defaultConfigurationName = Release;
		};
/* End XCConfigurationList section */
	};
	rootObject = 4040C67718E3050300163066 /* Project object */;
}
